// !$*UTF8*$!
{
	archiveVersion = 1;
	classes = {
	};
	objectVersion = 46;
	objects = {

/* Begin PBXBuildFile section */
		1B02B5B256CAF8274A9895C1 /* libPods-LGSideMenuControllerDemo.a in Frameworks */ = {isa = PBXBuildFile; fileRef = F8C0B3D6B7FC45F42B6E52E2 /* libPods-LGSideMenuControllerDemo.a */; };
		4A339C431AFD3D6600F75B99 /* image2.png in Resources */ = {isa = PBXBuildFile; fileRef = 4A339C421AFD3D6600F75B99 /* image2.png */; };
		4A4319171AECF95D0088EFD7 /* LeftViewController.m in Sources */ = {isa = PBXBuildFile; fileRef = 4A4319161AECF95D0088EFD7 /* LeftViewController.m */; };
		4A43191A1AECFECB0088EFD7 /* LeftViewCell.m in Sources */ = {isa = PBXBuildFile; fileRef = 4A4319191AECFECB0088EFD7 /* LeftViewCell.m */; };
		4A4319201AED009D0088EFD7 /* RightViewCell.m in Sources */ = {isa = PBXBuildFile; fileRef = 4A43191D1AED009D0088EFD7 /* RightViewCell.m */; };
		4A4319211AED009D0088EFD7 /* RightViewController.m in Sources */ = {isa = PBXBuildFile; fileRef = 4A43191F1AED009D0088EFD7 /* RightViewController.m */; };
		4A5888BB1AE9489E004AFC57 /* main.m in Sources */ = {isa = PBXBuildFile; fileRef = 4A5888BA1AE9489E004AFC57 /* main.m */; };
		4A5888BE1AE9489E004AFC57 /* AppDelegate.m in Sources */ = {isa = PBXBuildFile; fileRef = 4A5888BD1AE9489E004AFC57 /* AppDelegate.m */; };
		4A5888C61AE9489E004AFC57 /* Images.xcassets in Resources */ = {isa = PBXBuildFile; fileRef = 4A5888C51AE9489E004AFC57 /* Images.xcassets */; };
		4A5888E31AE94907004AFC57 /* ViewController.m in Sources */ = {isa = PBXBuildFile; fileRef = 4A5888E11AE94907004AFC57 /* ViewController.m */; };
		4A645CDE1B02797300FFBDF6 /* image3.png in Resources */ = {isa = PBXBuildFile; fileRef = 4A645CDD1B02797300FFBDF6 /* image3.png */; };
		4A66FCA01AEBC443005B8B0A /* MainViewController.m in Sources */ = {isa = PBXBuildFile; fileRef = 4A66FC9F1AEBC443005B8B0A /* MainViewController.m */; };
		4A6FE4F51AFBDBD2003887C9 /* Image.png in Resources */ = {isa = PBXBuildFile; fileRef = 4A6FE4F41AFBDBD2003887C9 /* Image.png */; };
/* End PBXBuildFile section */

/* Begin PBXFileReference section */
		4A339C421AFD3D6600F75B99 /* image2.png */ = {isa = PBXFileReference; lastKnownFileType = image.png; path = image2.png; sourceTree = "<group>"; };
		4A4319151AECF95D0088EFD7 /* LeftViewController.h */ = {isa = PBXFileReference; fileEncoding = 4; lastKnownFileType = sourcecode.c.h; path = LeftViewController.h; sourceTree = "<group>"; };
		4A4319161AECF95D0088EFD7 /* LeftViewController.m */ = {isa = PBXFileReference; fileEncoding = 4; lastKnownFileType = sourcecode.c.objc; path = LeftViewController.m; sourceTree = "<group>"; };
		4A4319181AECFECB0088EFD7 /* LeftViewCell.h */ = {isa = PBXFileReference; fileEncoding = 4; lastKnownFileType = sourcecode.c.h; path = LeftViewCell.h; sourceTree = "<group>"; };
		4A4319191AECFECB0088EFD7 /* LeftViewCell.m */ = {isa = PBXFileReference; fileEncoding = 4; lastKnownFileType = sourcecode.c.objc; path = LeftViewCell.m; sourceTree = "<group>"; };
		4A43191C1AED009D0088EFD7 /* RightViewCell.h */ = {isa = PBXFileReference; fileEncoding = 4; lastKnownFileType = sourcecode.c.h; path = RightViewCell.h; sourceTree = "<group>"; };
		4A43191D1AED009D0088EFD7 /* RightViewCell.m */ = {isa = PBXFileReference; fileEncoding = 4; lastKnownFileType = sourcecode.c.objc; path = RightViewCell.m; sourceTree = "<group>"; };
		4A43191E1AED009D0088EFD7 /* RightViewController.h */ = {isa = PBXFileReference; fileEncoding = 4; lastKnownFileType = sourcecode.c.h; path = RightViewController.h; sourceTree = "<group>"; };
		4A43191F1AED009D0088EFD7 /* RightViewController.m */ = {isa = PBXFileReference; fileEncoding = 4; lastKnownFileType = sourcecode.c.objc; path = RightViewController.m; sourceTree = "<group>"; };
		4A5888B51AE9489E004AFC57 /* LGSideMenuControllerDemo.app */ = {isa = PBXFileReference; explicitFileType = wrapper.application; includeInIndex = 0; path = LGSideMenuControllerDemo.app; sourceTree = BUILT_PRODUCTS_DIR; };
		4A5888B91AE9489E004AFC57 /* Info.plist */ = {isa = PBXFileReference; lastKnownFileType = text.plist.xml; path = Info.plist; sourceTree = "<group>"; };
		4A5888BA1AE9489E004AFC57 /* main.m */ = {isa = PBXFileReference; lastKnownFileType = sourcecode.c.objc; path = main.m; sourceTree = "<group>"; };
		4A5888BC1AE9489E004AFC57 /* AppDelegate.h */ = {isa = PBXFileReference; lastKnownFileType = sourcecode.c.h; path = AppDelegate.h; sourceTree = "<group>"; };
		4A5888BD1AE9489E004AFC57 /* AppDelegate.m */ = {isa = PBXFileReference; lastKnownFileType = sourcecode.c.objc; path = AppDelegate.m; sourceTree = "<group>"; };
		4A5888C51AE9489E004AFC57 /* Images.xcassets */ = {isa = PBXFileReference; lastKnownFileType = folder.assetcatalog; path = Images.xcassets; sourceTree = "<group>"; };
		4A5888E01AE94907004AFC57 /* ViewController.h */ = {isa = PBXFileReference; fileEncoding = 4; lastKnownFileType = sourcecode.c.h; path = ViewController.h; sourceTree = "<group>"; };
		4A5888E11AE94907004AFC57 /* ViewController.m */ = {isa = PBXFileReference; fileEncoding = 4; lastKnownFileType = sourcecode.c.objc; path = ViewController.m; sourceTree = "<group>"; };
		4A645CDD1B02797300FFBDF6 /* image3.png */ = {isa = PBXFileReference; lastKnownFileType = image.png; path = image3.png; sourceTree = "<group>"; };
		4A66FC9E1AEBC443005B8B0A /* MainViewController.h */ = {isa = PBXFileReference; fileEncoding = 4; lastKnownFileType = sourcecode.c.h; path = MainViewController.h; sourceTree = "<group>"; };
		4A66FC9F1AEBC443005B8B0A /* MainViewController.m */ = {isa = PBXFileReference; fileEncoding = 4; lastKnownFileType = sourcecode.c.objc; path = MainViewController.m; sourceTree = "<group>"; };
		4A6FE4F41AFBDBD2003887C9 /* Image.png */ = {isa = PBXFileReference; lastKnownFileType = image.png; path = Image.png; sourceTree = "<group>"; };
		5361F993C972042479CAE21E /* Pods-LGSideMenuControllerDemo.release.xcconfig */ = {isa = PBXFileReference; includeInIndex = 1; lastKnownFileType = text.xcconfig; name = "Pods-LGSideMenuControllerDemo.release.xcconfig"; path = "Pods/Target Support Files/Pods-LGSideMenuControllerDemo/Pods-LGSideMenuControllerDemo.release.xcconfig"; sourceTree = "<group>"; };
		78C2B1655760BC5BF67D9AD0 /* Pods-LGSideMenuControllerDemo.debug.xcconfig */ = {isa = PBXFileReference; includeInIndex = 1; lastKnownFileType = text.xcconfig; name = "Pods-LGSideMenuControllerDemo.debug.xcconfig"; path = "Pods/Target Support Files/Pods-LGSideMenuControllerDemo/Pods-LGSideMenuControllerDemo.debug.xcconfig"; sourceTree = "<group>"; };
		F8C0B3D6B7FC45F42B6E52E2 /* libPods-LGSideMenuControllerDemo.a */ = {isa = PBXFileReference; explicitFileType = archive.ar; includeInIndex = 0; path = "libPods-LGSideMenuControllerDemo.a"; sourceTree = BUILT_PRODUCTS_DIR; };
/* End PBXFileReference section */

/* Begin PBXFrameworksBuildPhase section */
		4A5888B21AE9489E004AFC57 /* Frameworks */ = {
			isa = PBXFrameworksBuildPhase;
			buildActionMask = 2147483647;
			files = (
				1B02B5B256CAF8274A9895C1 /* libPods-LGSideMenuControllerDemo.a in Frameworks */,
			);
			runOnlyForDeploymentPostprocessing = 0;
		};
/* End PBXFrameworksBuildPhase section */

/* Begin PBXGroup section */
		4A4319141AECF93A0088EFD7 /* Left View Controller */ = {
			isa = PBXGroup;
			children = (
				4A4319151AECF95D0088EFD7 /* LeftViewController.h */,
				4A4319161AECF95D0088EFD7 /* LeftViewController.m */,
				4A4319181AECFECB0088EFD7 /* LeftViewCell.h */,
				4A4319191AECFECB0088EFD7 /* LeftViewCell.m */,
			);
			name = "Left View Controller";
			sourceTree = "<group>";
		};
		4A43191B1AED007A0088EFD7 /* Right View Controller */ = {
			isa = PBXGroup;
			children = (
				4A43191E1AED009D0088EFD7 /* RightViewController.h */,
				4A43191F1AED009D0088EFD7 /* RightViewController.m */,
				4A43191C1AED009D0088EFD7 /* RightViewCell.h */,
				4A43191D1AED009D0088EFD7 /* RightViewCell.m */,
			);
			name = "Right View Controller";
			sourceTree = "<group>";
		};
		4A5888AC1AE9489E004AFC57 = {
			isa = PBXGroup;
			children = (
				4A5888B71AE9489E004AFC57 /* LGSideMenuControllerDemo */,
				4A5888B61AE9489E004AFC57 /* Products */,
				BAA1898F62B34AF1602FD9C4 /* Pods */,
				688C563E2B074D1265CC4691 /* Frameworks */,
			);
			sourceTree = "<group>";
		};
		4A5888B61AE9489E004AFC57 /* Products */ = {
			isa = PBXGroup;
			children = (
				4A5888B51AE9489E004AFC57 /* LGSideMenuControllerDemo.app */,
			);
			name = Products;
			sourceTree = "<group>";
		};
		4A5888B71AE9489E004AFC57 /* LGSideMenuControllerDemo */ = {
			isa = PBXGroup;
			children = (
				4A43191B1AED007A0088EFD7 /* Right View Controller */,
				4A4319141AECF93A0088EFD7 /* Left View Controller */,
				4A5888BC1AE9489E004AFC57 /* AppDelegate.h */,
				4A5888BD1AE9489E004AFC57 /* AppDelegate.m */,
				4A66FC9E1AEBC443005B8B0A /* MainViewController.h */,
				4A66FC9F1AEBC443005B8B0A /* MainViewController.m */,
				4A5888E01AE94907004AFC57 /* ViewController.h */,
				4A5888E11AE94907004AFC57 /* ViewController.m */,
				4A6FE4F31AFBDBC4003887C9 /* Resources */,
				4A5888C51AE9489E004AFC57 /* Images.xcassets */,
				4A5888B81AE9489E004AFC57 /* Supporting Files */,
			);
			path = LGSideMenuControllerDemo;
			sourceTree = "<group>";
		};
		4A5888B81AE9489E004AFC57 /* Supporting Files */ = {
			isa = PBXGroup;
			children = (
				4A5888B91AE9489E004AFC57 /* Info.plist */,
				4A5888BA1AE9489E004AFC57 /* main.m */,
			);
			name = "Supporting Files";
			sourceTree = "<group>";
		};
		4A6FE4F31AFBDBC4003887C9 /* Resources */ = {
			isa = PBXGroup;
			children = (
				4A645CDD1B02797300FFBDF6 /* image3.png */,
				4A339C421AFD3D6600F75B99 /* image2.png */,
				4A6FE4F41AFBDBD2003887C9 /* Image.png */,
			);
			name = Resources;
			sourceTree = "<group>";
		};
		688C563E2B074D1265CC4691 /* Frameworks */ = {
			isa = PBXGroup;
			children = (
				F8C0B3D6B7FC45F42B6E52E2 /* libPods-LGSideMenuControllerDemo.a */,
			);
			name = Frameworks;
			sourceTree = "<group>";
		};
		BAA1898F62B34AF1602FD9C4 /* Pods */ = {
			isa = PBXGroup;
			children = (
				78C2B1655760BC5BF67D9AD0 /* Pods-LGSideMenuControllerDemo.debug.xcconfig */,
				5361F993C972042479CAE21E /* Pods-LGSideMenuControllerDemo.release.xcconfig */,
			);
			name = Pods;
			sourceTree = "<group>";
		};
/* End PBXGroup section */

/* Begin PBXNativeTarget section */
		4A5888B41AE9489E004AFC57 /* LGSideMenuControllerDemo */ = {
			isa = PBXNativeTarget;
			buildConfigurationList = 4A5888D81AE9489E004AFC57 /* Build configuration list for PBXNativeTarget "LGSideMenuControllerDemo" */;
			buildPhases = (
				10AFEFB3FEE2F928A23BB6E7 /* Check Pods Manifest.lock */,
				4A5888B11AE9489E004AFC57 /* Sources */,
				4A5888B21AE9489E004AFC57 /* Frameworks */,
				4A5888B31AE9489E004AFC57 /* Resources */,
				31FDD3E0C3E68DEA010949B9 /* Copy Pods Resources */,
			);
			buildRules = (
			);
			dependencies = (
			);
			name = LGSideMenuControllerDemo;
			productName = LGSideMenuControllerDemo;
			productReference = 4A5888B51AE9489E004AFC57 /* LGSideMenuControllerDemo.app */;
			productType = "com.apple.product-type.application";
		};
/* End PBXNativeTarget section */

/* Begin PBXProject section */
		4A5888AD1AE9489E004AFC57 /* Project object */ = {
			isa = PBXProject;
			attributes = {
				LastUpgradeCheck = 0630;
				ORGANIZATIONNAME = "Grigory Lutkov";
				TargetAttributes = {
					4A5888B41AE9489E004AFC57 = {
						CreatedOnToolsVersion = 6.3;
					};
				};
			};
			buildConfigurationList = 4A5888B01AE9489E004AFC57 /* Build configuration list for PBXProject "LGSideMenuControllerDemo" */;
			compatibilityVersion = "Xcode 3.2";
			developmentRegion = English;
			hasScannedForEncodings = 0;
			knownRegions = (
				en,
				Base,
			);
			mainGroup = 4A5888AC1AE9489E004AFC57;
			productRefGroup = 4A5888B61AE9489E004AFC57 /* Products */;
			projectDirPath = "";
			projectRoot = "";
			targets = (
				4A5888B41AE9489E004AFC57 /* LGSideMenuControllerDemo */,
			);
		};
/* End PBXProject section */

/* Begin PBXResourcesBuildPhase section */
		4A5888B31AE9489E004AFC57 /* Resources */ = {
			isa = PBXResourcesBuildPhase;
			buildActionMask = 2147483647;
			files = (
				4A5888C61AE9489E004AFC57 /* Images.xcassets in Resources */,
				4A6FE4F51AFBDBD2003887C9 /* Image.png in Resources */,
				4A339C431AFD3D6600F75B99 /* image2.png in Resources */,
				4A645CDE1B02797300FFBDF6 /* image3.png in Resources */,
			);
			runOnlyForDeploymentPostprocessing = 0;
		};
/* End PBXResourcesBuildPhase section */

/* Begin PBXShellScriptBuildPhase section */
		10AFEFB3FEE2F928A23BB6E7 /* Check Pods Manifest.lock */ = {
			isa = PBXShellScriptBuildPhase;
			buildActionMask = 2147483647;
			files = (
			);
			inputPaths = (
			);
			name = "Check Pods Manifest.lock";
			outputPaths = (
			);
			runOnlyForDeploymentPostprocessing = 0;
			shellPath = /bin/sh;
			shellScript = "diff \"${PODS_ROOT}/../Podfile.lock\" \"${PODS_ROOT}/Manifest.lock\" > /dev/null\nif [[ $? != 0 ]] ; then\n    cat << EOM\nerror: The sandbox is not in sync with the Podfile.lock. Run 'pod install' or update your CocoaPods installation.\nEOM\n    exit 1\nfi\n";
			showEnvVarsInLog = 0;
		};
		31FDD3E0C3E68DEA010949B9 /* Copy Pods Resources */ = {
			isa = PBXShellScriptBuildPhase;
			buildActionMask = 2147483647;
			files = (
			);
			inputPaths = (
			);
			name = "Copy Pods Resources";
			outputPaths = (
			);
			runOnlyForDeploymentPostprocessing = 0;
			shellPath = /bin/sh;
			shellScript = "\"${SRCROOT}/Pods/Target Support Files/Pods-LGSideMenuControllerDemo/Pods-LGSideMenuControllerDemo-resources.sh\"\n";
			showEnvVarsInLog = 0;
		};
/* End PBXShellScriptBuildPhase section */

/* Begin PBXSourcesBuildPhase section */
		4A5888B11AE9489E004AFC57 /* Sources */ = {
			isa = PBXSourcesBuildPhase;
			buildActionMask = 2147483647;
			files = (
				4A5888BE1AE9489E004AFC57 /* AppDelegate.m in Sources */,
				4A43191A1AECFECB0088EFD7 /* LeftViewCell.m in Sources */,
				4A4319171AECF95D0088EFD7 /* LeftViewController.m in Sources */,
				4A5888BB1AE9489E004AFC57 /* main.m in Sources */,
				4A4319201AED009D0088EFD7 /* RightViewCell.m in Sources */,
				4A4319211AED009D0088EFD7 /* RightViewController.m in Sources */,
				4A66FCA01AEBC443005B8B0A /* MainViewController.m in Sources */,
				4A5888E31AE94907004AFC57 /* ViewController.m in Sources */,
			);
			runOnlyForDeploymentPostprocessing = 0;
		};
/* End PBXSourcesBuildPhase section */

/* Begin XCBuildConfiguration section */
		4A5888D61AE9489E004AFC57 /* Debug */ = {
			isa = XCBuildConfiguration;
			buildSettings = {
				ALWAYS_SEARCH_USER_PATHS = NO;
				CLANG_CXX_LANGUAGE_STANDARD = "gnu++0x";
				CLANG_CXX_LIBRARY = "libc++";
				CLANG_ENABLE_MODULES = YES;
				CLANG_ENABLE_OBJC_ARC = YES;
				CLANG_WARN_BOOL_CONVERSION = YES;
				CLANG_WARN_CONSTANT_CONVERSION = YES;
				CLANG_WARN_DIRECT_OBJC_ISA_USAGE = YES_ERROR;
				CLANG_WARN_EMPTY_BODY = YES;
				CLANG_WARN_ENUM_CONVERSION = YES;
				CLANG_WARN_INT_CONVERSION = YES;
				CLANG_WARN_OBJC_ROOT_CLASS = YES_ERROR;
				CLANG_WARN_UNREACHABLE_CODE = YES;
				CLANG_WARN__DUPLICATE_METHOD_MATCH = YES;
				"CODE_SIGN_IDENTITY[sdk=iphoneos*]" = "iPhone Developer";
				COPY_PHASE_STRIP = NO;
				DEBUG_INFORMATION_FORMAT = "dwarf-with-dsym";
				ENABLE_STRICT_OBJC_MSGSEND = YES;
				GCC_C_LANGUAGE_STANDARD = gnu99;
				GCC_DYNAMIC_NO_PIC = NO;
				GCC_NO_COMMON_BLOCKS = YES;
				GCC_OPTIMIZATION_LEVEL = 0;
				GCC_PREPROCESSOR_DEFINITIONS = (
					"DEBUG=1",
					"$(inherited)",
				);
				GCC_SYMBOLS_PRIVATE_EXTERN = NO;
				GCC_WARN_64_TO_32_BIT_CONVERSION = YES;
				GCC_WARN_ABOUT_RETURN_TYPE = YES_ERROR;
				GCC_WARN_UNDECLARED_SELECTOR = YES;
				GCC_WARN_UNINITIALIZED_AUTOS = YES_AGGRESSIVE;
				GCC_WARN_UNUSED_FUNCTION = YES;
				GCC_WARN_UNUSED_VARIABLE = YES;
				IPHONEOS_DEPLOYMENT_TARGET = 6.0;
				MTL_ENABLE_DEBUG_INFO = YES;
				ONLY_ACTIVE_ARCH = YES;
				SDKROOT = iphoneos;
				TARGETED_DEVICE_FAMILY = "1,2";
			};
			name = Debug;
		};
		4A5888D71AE9489E004AFC57 /* Release */ = {
			isa = XCBuildConfiguration;
			buildSettings = {
				ALWAYS_SEARCH_USER_PATHS = NO;
				CLANG_CXX_LANGUAGE_STANDARD = "gnu++0x";
				CLANG_CXX_LIBRARY = "libc++";
				CLANG_ENABLE_MODULES = YES;
				CLANG_ENABLE_OBJC_ARC = YES;
				CLANG_WARN_BOOL_CONVERSION = YES;
				CLANG_WARN_CONSTANT_CONVERSION = YES;
				CLANG_WARN_DIRECT_OBJC_ISA_USAGE = YES_ERROR;
				CLANG_WARN_EMPTY_BODY = YES;
				CLANG_WARN_ENUM_CONVERSION = YES;
				CLANG_WARN_INT_CONVERSION = YES;
				CLANG_WARN_OBJC_ROOT_CLASS = YES_ERROR;
				CLANG_WARN_UNREACHABLE_CODE = YES;
				CLANG_WARN__DUPLICATE_METHOD_MATCH = YES;
				"CODE_SIGN_IDENTITY[sdk=iphoneos*]" = "iPhone Developer";
				COPY_PHASE_STRIP = NO;
				DEBUG_INFORMATION_FORMAT = "dwarf-with-dsym";
				ENABLE_NS_ASSERTIONS = NO;
				ENABLE_STRICT_OBJC_MSGSEND = YES;
				GCC_C_LANGUAGE_STANDARD = gnu99;
				GCC_NO_COMMON_BLOCKS = YES;
				GCC_WARN_64_TO_32_BIT_CONVERSION = YES;
				GCC_WARN_ABOUT_RETURN_TYPE = YES_ERROR;
				GCC_WARN_UNDECLARED_SELECTOR = YES;
				GCC_WARN_UNINITIALIZED_AUTOS = YES_AGGRESSIVE;
				GCC_WARN_UNUSED_FUNCTION = YES;
				GCC_WARN_UNUSED_VARIABLE = YES;
				IPHONEOS_DEPLOYMENT_TARGET = 6.0;
				MTL_ENABLE_DEBUG_INFO = NO;
				SDKROOT = iphoneos;
				TARGETED_DEVICE_FAMILY = "1,2";
				VALIDATE_PRODUCT = YES;
			};
			name = Release;
		};
		4A5888D91AE9489E004AFC57 /* Debug */ = {
			isa = XCBuildConfiguration;
			baseConfigurationReference = 78C2B1655760BC5BF67D9AD0 /* Pods-LGSideMenuControllerDemo.debug.xcconfig */;
			buildSettings = {
				ASSETCATALOG_COMPILER_APPICON_NAME = AppIcon;
				ASSETCATALOG_COMPILER_LAUNCHIMAGE_NAME = LaunchImage;
				INFOPLIST_FILE = LGSideMenuControllerDemo/Info.plist;
				LD_RUNPATH_SEARCH_PATHS = "$(inherited) @executable_path/Frameworks";
				PRODUCT_NAME = "$(TARGET_NAME)";
			};
			name = Debug;
		};
		4A5888DA1AE9489E004AFC57 /* Release */ = {
			isa = XCBuildConfiguration;
			baseConfigurationReference = 5361F993C972042479CAE21E /* Pods-LGSideMenuControllerDemo.release.xcconfig */;
			buildSettings = {
				ASSETCATALOG_COMPILER_APPICON_NAME = AppIcon;
				ASSETCATALOG_COMPILER_LAUNCHIMAGE_NAME = LaunchImage;
				INFOPLIST_FILE = LGSideMenuControllerDemo/Info.plist;
				LD_RUNPATH_SEARCH_PATHS = "$(inherited) @executable_path/Frameworks";
				PRODUCT_NAME = "$(TARGET_NAME)";
			};
			name = Release;
		};
/* End XCBuildConfiguration section */

/* Begin XCConfigurationList section */
		4A5888B01AE9489E004AFC57 /* Build configuration list for PBXProject "LGSideMenuControllerDemo" */ = {
			isa = XCConfigurationList;
			buildConfigurations = (
				4A5888D61AE9489E004AFC57 /* Debug */,
				4A5888D71AE9489E004AFC57 /* Release */,
			);
			defaultConfigurationIsVisible = 0;
			defaultConfigurationName = Release;
		};
		4A5888D81AE9489E004AFC57 /* Build configuration list for PBXNativeTarget "LGSideMenuControllerDemo" */ = {
			isa = XCConfigurationList;
			buildConfigurations = (
				4A5888D91AE9489E004AFC57 /* Debug */,
				4A5888DA1AE9489E004AFC57 /* Release */,
			);
			defaultConfigurationIsVisible = 0;
			defaultConfigurationName = Release;
		};
/* End XCConfigurationList section */
	};
	rootObject = 4A5888AD1AE9489E004AFC57 /* Project object */;
}
