// !$*UTF8*$!
{
	archiveVersion = 1;
	classes = {
	};
	objectVersion = 46;
	objects = {

/* Begin PBXBuildFile section */
		4A06D0B91DF7580700498335 /* LGSideMenuControllerGesturesHandler.m in Sources */ = {isa = PBXBuildFile; fileRef = 4A06D0B61DF7580700498335 /* LGSideMenuControllerGesturesHandler.m */; };
		4A06D0BA1DF7580700498335 /* LGSideMenuView.m in Sources */ = {isa = PBXBuildFile; fileRef = 4A06D0B81DF7580700498335 /* LGSideMenuView.m */; };
		4A19DA581BECFE610072427E /* ChooseNavigationController.m in Sources */ = {isa = PBXBuildFile; fileRef = 4A19DA551BECFE610072427E /* ChooseNavigationController.m */; };
		4A19DA591BECFE610072427E /* TableViewController.m in Sources */ = {isa = PBXBuildFile; fileRef = 4A19DA571BECFE610072427E /* TableViewController.m */; };
		4A19DA5C1BECFE900072427E /* NavigationController.m in Sources */ = {isa = PBXBuildFile; fileRef = 4A19DA5B1BECFE900072427E /* NavigationController.m */; };
		4A23021F1DF4165100701E9F /* imageRoot.png in Resources */ = {isa = PBXBuildFile; fileRef = 4A23021C1DF4165100701E9F /* imageRoot.png */; };
		4A2302201DF4165100701E9F /* imageLeft.png in Resources */ = {isa = PBXBuildFile; fileRef = 4A23021D1DF4165100701E9F /* imageLeft.png */; };
		4A2302211DF4165100701E9F /* imageRight.png in Resources */ = {isa = PBXBuildFile; fileRef = 4A23021E1DF4165100701E9F /* imageRight.png */; };
		4A23022C1DF416E700701E9F /* LaunchScreen.storyboard in Resources */ = {isa = PBXBuildFile; fileRef = 4A23022B1DF416E700701E9F /* LaunchScreen.storyboard */; };
		4A2302521DF41C0000701E9F /* Choose.storyboard in Resources */ = {isa = PBXBuildFile; fileRef = 4A2302511DF41C0000701E9F /* Choose.storyboard */; };
		4A2302541DF41C0500701E9F /* Main.storyboard in Resources */ = {isa = PBXBuildFile; fileRef = 4A2302531DF41C0500701E9F /* Main.storyboard */; };
		4A2302571DF4222100701E9F /* MainViewController.m in Sources */ = {isa = PBXBuildFile; fileRef = 4A2302561DF4222100701E9F /* MainViewController.m */; };
		4A3C468E1DFEE49F007A01D8 /* OtherViewController.m in Sources */ = {isa = PBXBuildFile; fileRef = 4A3C468D1DFEE49F007A01D8 /* OtherViewController.m */; };
		4A4243A11B6808E4008432A9 /* main.m in Sources */ = {isa = PBXBuildFile; fileRef = 4A4243A01B6808E4008432A9 /* main.m */; };
		4A4243A41B6808E4008432A9 /* AppDelegate.m in Sources */ = {isa = PBXBuildFile; fileRef = 4A4243A31B6808E4008432A9 /* AppDelegate.m */; };
		4A4243A71B6808E4008432A9 /* ViewController.m in Sources */ = {isa = PBXBuildFile; fileRef = 4A4243A61B6808E4008432A9 /* ViewController.m */; };
		4A4243AC1B6808E4008432A9 /* Images.xcassets in Resources */ = {isa = PBXBuildFile; fileRef = 4A4243AB1B6808E4008432A9 /* Images.xcassets */; };
		4ADAFC431B691DA500B33211 /* LeftViewCell.m in Sources */ = {isa = PBXBuildFile; fileRef = 4ADAFC3C1B691DA500B33211 /* LeftViewCell.m */; };
		4ADAFC441B691DA500B33211 /* LeftViewController.m in Sources */ = {isa = PBXBuildFile; fileRef = 4ADAFC3E1B691DA500B33211 /* LeftViewController.m */; };
		4ADAFC451B691DA500B33211 /* RightViewCell.m in Sources */ = {isa = PBXBuildFile; fileRef = 4ADAFC401B691DA500B33211 /* RightViewCell.m */; };
		4ADAFC461B691DA500B33211 /* RightViewController.m in Sources */ = {isa = PBXBuildFile; fileRef = 4ADAFC421B691DA500B33211 /* RightViewController.m */; };
		4AF13A121BF395510037B073 /* LGSideMenuController.m in Sources */ = {isa = PBXBuildFile; fileRef = 4AF13A111BF395510037B073 /* LGSideMenuController.m */; };
		EDE795461D45DCB8002930CA /* UIViewController+LGSideMenuController.m in Sources */ = {isa = PBXBuildFile; fileRef = EDE795451D45DCB8002930CA /* UIViewController+LGSideMenuController.m */; };
/* End PBXBuildFile section */

/* Begin PBXFileReference section */
		4A06D0B51DF7580700498335 /* LGSideMenuControllerGesturesHandler.h */ = {isa = PBXFileReference; fileEncoding = 4; lastKnownFileType = sourcecode.c.h; path = LGSideMenuControllerGesturesHandler.h; sourceTree = "<group>"; };
		4A06D0B61DF7580700498335 /* LGSideMenuControllerGesturesHandler.m */ = {isa = PBXFileReference; fileEncoding = 4; lastKnownFileType = sourcecode.c.objc; path = LGSideMenuControllerGesturesHandler.m; sourceTree = "<group>"; };
		4A06D0B71DF7580700498335 /* LGSideMenuView.h */ = {isa = PBXFileReference; fileEncoding = 4; lastKnownFileType = sourcecode.c.h; path = LGSideMenuView.h; sourceTree = "<group>"; };
		4A06D0B81DF7580700498335 /* LGSideMenuView.m */ = {isa = PBXFileReference; fileEncoding = 4; lastKnownFileType = sourcecode.c.objc; path = LGSideMenuView.m; sourceTree = "<group>"; };
		4A19DA541BECFE610072427E /* ChooseNavigationController.h */ = {isa = PBXFileReference; fileEncoding = 4; lastKnownFileType = sourcecode.c.h; lineEnding = 0; path = ChooseNavigationController.h; sourceTree = "<group>"; xcLanguageSpecificationIdentifier = xcode.lang.objcpp; };
		4A19DA551BECFE610072427E /* ChooseNavigationController.m */ = {isa = PBXFileReference; fileEncoding = 4; lastKnownFileType = sourcecode.c.objc; lineEnding = 0; path = ChooseNavigationController.m; sourceTree = "<group>"; xcLanguageSpecificationIdentifier = xcode.lang.objc; };
		4A19DA561BECFE610072427E /* TableViewController.h */ = {isa = PBXFileReference; fileEncoding = 4; lastKnownFileType = sourcecode.c.h; lineEnding = 0; path = TableViewController.h; sourceTree = "<group>"; xcLanguageSpecificationIdentifier = xcode.lang.objcpp; };
		4A19DA571BECFE610072427E /* TableViewController.m */ = {isa = PBXFileReference; fileEncoding = 4; lastKnownFileType = sourcecode.c.objc; lineEnding = 0; path = TableViewController.m; sourceTree = "<group>"; xcLanguageSpecificationIdentifier = xcode.lang.objc; };
		4A19DA5A1BECFE900072427E /* NavigationController.h */ = {isa = PBXFileReference; fileEncoding = 4; lastKnownFileType = sourcecode.c.h; lineEnding = 0; path = NavigationController.h; sourceTree = "<group>"; xcLanguageSpecificationIdentifier = xcode.lang.objcpp; };
		4A19DA5B1BECFE900072427E /* NavigationController.m */ = {isa = PBXFileReference; fileEncoding = 4; lastKnownFileType = sourcecode.c.objc; lineEnding = 0; path = NavigationController.m; sourceTree = "<group>"; xcLanguageSpecificationIdentifier = xcode.lang.objc; };
		4A23021C1DF4165100701E9F /* imageRoot.png */ = {isa = PBXFileReference; lastKnownFileType = image.png; name = imageRoot.png; path = ../../Demo_shared_files/imageRoot.png; sourceTree = "<group>"; };
		4A23021D1DF4165100701E9F /* imageLeft.png */ = {isa = PBXFileReference; lastKnownFileType = image.png; name = imageLeft.png; path = ../../Demo_shared_files/imageLeft.png; sourceTree = "<group>"; };
		4A23021E1DF4165100701E9F /* imageRight.png */ = {isa = PBXFileReference; lastKnownFileType = image.png; name = imageRight.png; path = ../../Demo_shared_files/imageRight.png; sourceTree = "<group>"; };
		4A23022B1DF416E700701E9F /* LaunchScreen.storyboard */ = {isa = PBXFileReference; fileEncoding = 4; lastKnownFileType = file.storyboard; name = LaunchScreen.storyboard; path = ../../Demo_shared_files/LaunchScreen.storyboard; sourceTree = "<group>"; };
		4A2302511DF41C0000701E9F /* Choose.storyboard */ = {isa = PBXFileReference; fileEncoding = 4; lastKnownFileType = file.storyboard; path = Choose.storyboard; sourceTree = "<group>"; };
		4A2302531DF41C0500701E9F /* Main.storyboard */ = {isa = PBXFileReference; fileEncoding = 4; lastKnownFileType = file.storyboard; path = Main.storyboard; sourceTree = "<group>"; };
		4A2302551DF4222100701E9F /* MainViewController.h */ = {isa = PBXFileReference; fileEncoding = 4; lastKnownFileType = sourcecode.c.h; name = MainViewController.h; path = "../../Demo_shared_files/Objective-C/MainViewController.h"; sourceTree = "<group>"; };
		4A2302561DF4222100701E9F /* MainViewController.m */ = {isa = PBXFileReference; fileEncoding = 4; lastKnownFileType = sourcecode.c.objc; name = MainViewController.m; path = "../../Demo_shared_files/Objective-C/MainViewController.m"; sourceTree = "<group>"; };
		4A3C468C1DFEE49F007A01D8 /* OtherViewController.h */ = {isa = PBXFileReference; fileEncoding = 4; lastKnownFileType = sourcecode.c.h; path = OtherViewController.h; sourceTree = "<group>"; };
		4A3C468D1DFEE49F007A01D8 /* OtherViewController.m */ = {isa = PBXFileReference; fileEncoding = 4; lastKnownFileType = sourcecode.c.objc; path = OtherViewController.m; sourceTree = "<group>"; };
		4A42439B1B6808E4008432A9 /* LGSideMenuControllerDemo.app */ = {isa = PBXFileReference; explicitFileType = wrapper.application; includeInIndex = 0; path = LGSideMenuControllerDemo.app; sourceTree = BUILT_PRODUCTS_DIR; };
		4A42439F1B6808E4008432A9 /* Info.plist */ = {isa = PBXFileReference; lastKnownFileType = text.plist.xml; path = Info.plist; sourceTree = "<group>"; };
		4A4243A01B6808E4008432A9 /* main.m */ = {isa = PBXFileReference; lastKnownFileType = sourcecode.c.objc; lineEnding = 0; path = main.m; sourceTree = "<group>"; xcLanguageSpecificationIdentifier = xcode.lang.objc; };
		4A4243A21B6808E4008432A9 /* AppDelegate.h */ = {isa = PBXFileReference; lastKnownFileType = sourcecode.c.h; lineEnding = 0; path = AppDelegate.h; sourceTree = "<group>"; xcLanguageSpecificationIdentifier = xcode.lang.objcpp; };
		4A4243A31B6808E4008432A9 /* AppDelegate.m */ = {isa = PBXFileReference; lastKnownFileType = sourcecode.c.objc; lineEnding = 0; path = AppDelegate.m; sourceTree = "<group>"; xcLanguageSpecificationIdentifier = xcode.lang.objc; };
		4A4243A51B6808E4008432A9 /* ViewController.h */ = {isa = PBXFileReference; lastKnownFileType = sourcecode.c.h; lineEnding = 0; path = ViewController.h; sourceTree = "<group>"; xcLanguageSpecificationIdentifier = xcode.lang.objcpp; };
		4A4243A61B6808E4008432A9 /* ViewController.m */ = {isa = PBXFileReference; lastKnownFileType = sourcecode.c.objc; lineEnding = 0; path = ViewController.m; sourceTree = "<group>"; xcLanguageSpecificationIdentifier = xcode.lang.objc; };
		4A4243AB1B6808E4008432A9 /* Images.xcassets */ = {isa = PBXFileReference; lastKnownFileType = folder.assetcatalog; path = Images.xcassets; sourceTree = "<group>"; };
		4ADAFC3B1B691DA500B33211 /* LeftViewCell.h */ = {isa = PBXFileReference; fileEncoding = 4; lastKnownFileType = sourcecode.c.h; lineEnding = 0; path = LeftViewCell.h; sourceTree = "<group>"; xcLanguageSpecificationIdentifier = xcode.lang.objcpp; };
		4ADAFC3C1B691DA500B33211 /* LeftViewCell.m */ = {isa = PBXFileReference; fileEncoding = 4; lastKnownFileType = sourcecode.c.objc; lineEnding = 0; path = LeftViewCell.m; sourceTree = "<group>"; xcLanguageSpecificationIdentifier = xcode.lang.objc; };
		4ADAFC3D1B691DA500B33211 /* LeftViewController.h */ = {isa = PBXFileReference; fileEncoding = 4; lastKnownFileType = sourcecode.c.h; lineEnding = 0; path = LeftViewController.h; sourceTree = "<group>"; xcLanguageSpecificationIdentifier = xcode.lang.objcpp; };
		4ADAFC3E1B691DA500B33211 /* LeftViewController.m */ = {isa = PBXFileReference; fileEncoding = 4; lastKnownFileType = sourcecode.c.objc; lineEnding = 0; path = LeftViewController.m; sourceTree = "<group>"; xcLanguageSpecificationIdentifier = xcode.lang.objc; };
		4ADAFC3F1B691DA500B33211 /* RightViewCell.h */ = {isa = PBXFileReference; fileEncoding = 4; lastKnownFileType = sourcecode.c.h; lineEnding = 0; path = RightViewCell.h; sourceTree = "<group>"; xcLanguageSpecificationIdentifier = xcode.lang.objcpp; };
		4ADAFC401B691DA500B33211 /* RightViewCell.m */ = {isa = PBXFileReference; fileEncoding = 4; lastKnownFileType = sourcecode.c.objc; lineEnding = 0; path = RightViewCell.m; sourceTree = "<group>"; xcLanguageSpecificationIdentifier = xcode.lang.objc; };
		4ADAFC411B691DA500B33211 /* RightViewController.h */ = {isa = PBXFileReference; fileEncoding = 4; lastKnownFileType = sourcecode.c.h; lineEnding = 0; path = RightViewController.h; sourceTree = "<group>"; xcLanguageSpecificationIdentifier = xcode.lang.objcpp; };
		4ADAFC421B691DA500B33211 /* RightViewController.m */ = {isa = PBXFileReference; fileEncoding = 4; lastKnownFileType = sourcecode.c.objc; lineEnding = 0; path = RightViewController.m; sourceTree = "<group>"; xcLanguageSpecificationIdentifier = xcode.lang.objc; };
		4AF13A101BF395510037B073 /* LGSideMenuController.h */ = {isa = PBXFileReference; fileEncoding = 4; lastKnownFileType = sourcecode.c.h; path = LGSideMenuController.h; sourceTree = "<group>"; xcLanguageSpecificationIdentifier = xcode.lang.objcpp; };
		4AF13A111BF395510037B073 /* LGSideMenuController.m */ = {isa = PBXFileReference; fileEncoding = 4; lastKnownFileType = sourcecode.c.objc; path = LGSideMenuController.m; sourceTree = "<group>"; xcLanguageSpecificationIdentifier = xcode.lang.objc; };
		EDE795441D45DCB8002930CA /* UIViewController+LGSideMenuController.h */ = {isa = PBXFileReference; fileEncoding = 4; lastKnownFileType = sourcecode.c.h; lineEnding = 0; path = "UIViewController+LGSideMenuController.h"; sourceTree = "<group>"; xcLanguageSpecificationIdentifier = xcode.lang.objcpp; };
		EDE795451D45DCB8002930CA /* UIViewController+LGSideMenuController.m */ = {isa = PBXFileReference; fileEncoding = 4; lastKnownFileType = sourcecode.c.objc; lineEnding = 0; path = "UIViewController+LGSideMenuController.m"; sourceTree = "<group>"; xcLanguageSpecificationIdentifier = xcode.lang.objc; };
/* End PBXFileReference section */

/* Begin PBXFrameworksBuildPhase section */
		4A4243981B6808E4008432A9 /* Frameworks */ = {
			isa = PBXFrameworksBuildPhase;
			buildActionMask = 2147483647;
			files = (
			);
			runOnlyForDeploymentPostprocessing = 0;
		};
/* End PBXFrameworksBuildPhase section */

/* Begin PBXGroup section */
		4A06D0A21DF733EF00498335 /* Root View Controller */ = {
			isa = PBXGroup;
			children = (
				4A19DA5A1BECFE900072427E /* NavigationController.h */,
				4A19DA5B1BECFE900072427E /* NavigationController.m */,
				4A4243A51B6808E4008432A9 /* ViewController.h */,
				4A4243A61B6808E4008432A9 /* ViewController.m */,
				4A3C468C1DFEE49F007A01D8 /* OtherViewController.h */,
				4A3C468D1DFEE49F007A01D8 /* OtherViewController.m */,
			);
			name = "Root View Controller";
			sourceTree = "<group>";
		};
		4A19DA521BECFE2A0072427E /* Choose View Controller */ = {
			isa = PBXGroup;
			children = (
				4A19DA541BECFE610072427E /* ChooseNavigationController.h */,
				4A19DA551BECFE610072427E /* ChooseNavigationController.m */,
				4A19DA561BECFE610072427E /* TableViewController.h */,
				4A19DA571BECFE610072427E /* TableViewController.m */,
				4A2302511DF41C0000701E9F /* Choose.storyboard */,
			);
			name = "Choose View Controller";
			sourceTree = "<group>";
		};
		4A19DA531BECFE360072427E /* Side Menu Controller */ = {
			isa = PBXGroup;
			children = (
				4A06D0A21DF733EF00498335 /* Root View Controller */,
				4ADAFC481B691E1300B33211 /* Left View Controller */,
				4ADAFC471B691E0F00B33211 /* Right View Controller */,
				4A2302551DF4222100701E9F /* MainViewController.h */,
				4A2302561DF4222100701E9F /* MainViewController.m */,
				4A2302531DF41C0500701E9F /* Main.storyboard */,
			);
			name = "Side Menu Controller";
			sourceTree = "<group>";
		};
		4A23021B1DF4162200701E9F /* Resources */ = {
			isa = PBXGroup;
			children = (
				4A23021C1DF4165100701E9F /* imageRoot.png */,
				4A23021D1DF4165100701E9F /* imageLeft.png */,
				4A23021E1DF4165100701E9F /* imageRight.png */,
			);
			name = Resources;
			sourceTree = "<group>";
		};
		4A4243921B6808E4008432A9 = {
			isa = PBXGroup;
			children = (
				4AF13A0F1BF395510037B073 /* LGSideMenuController */,
				4A42439D1B6808E4008432A9 /* LGSideMenuControllerDemo */,
				4A42439C1B6808E4008432A9 /* Products */,
			);
			sourceTree = "<group>";
		};
		4A42439C1B6808E4008432A9 /* Products */ = {
			isa = PBXGroup;
			children = (
				4A42439B1B6808E4008432A9 /* LGSideMenuControllerDemo.app */,
			);
			name = Products;
			sourceTree = "<group>";
		};
		4A42439D1B6808E4008432A9 /* LGSideMenuControllerDemo */ = {
			isa = PBXGroup;
			children = (
				4A4243A21B6808E4008432A9 /* AppDelegate.h */,
				4A4243A31B6808E4008432A9 /* AppDelegate.m */,
				4A19DA521BECFE2A0072427E /* Choose View Controller */,
				4A19DA531BECFE360072427E /* Side Menu Controller */,
				4A4243AB1B6808E4008432A9 /* Images.xcassets */,
				4A23021B1DF4162200701E9F /* Resources */,
				4A42439E1B6808E4008432A9 /* Supporting Files */,
				4A23022B1DF416E700701E9F /* LaunchScreen.storyboard */,
			);
			path = LGSideMenuControllerDemo;
			sourceTree = "<group>";
		};
		4A42439E1B6808E4008432A9 /* Supporting Files */ = {
			isa = PBXGroup;
			children = (
				4A42439F1B6808E4008432A9 /* Info.plist */,
				4A4243A01B6808E4008432A9 /* main.m */,
			);
			name = "Supporting Files";
			sourceTree = "<group>";
		};
		4ADAFC471B691E0F00B33211 /* Right View Controller */ = {
			isa = PBXGroup;
			children = (
				4ADAFC411B691DA500B33211 /* RightViewController.h */,
				4ADAFC421B691DA500B33211 /* RightViewController.m */,
				4ADAFC3F1B691DA500B33211 /* RightViewCell.h */,
				4ADAFC401B691DA500B33211 /* RightViewCell.m */,
			);
			name = "Right View Controller";
			sourceTree = "<group>";
		};
		4ADAFC481B691E1300B33211 /* Left View Controller */ = {
			isa = PBXGroup;
			children = (
				4ADAFC3D1B691DA500B33211 /* LeftViewController.h */,
				4ADAFC3E1B691DA500B33211 /* LeftViewController.m */,
				4ADAFC3B1B691DA500B33211 /* LeftViewCell.h */,
				4ADAFC3C1B691DA500B33211 /* LeftViewCell.m */,
			);
			name = "Left View Controller";
			sourceTree = "<group>";
		};
		4AF13A0F1BF395510037B073 /* LGSideMenuController */ = {
			isa = PBXGroup;
			children = (
				4AF13A101BF395510037B073 /* LGSideMenuController.h */,
				4AF13A111BF395510037B073 /* LGSideMenuController.m */,
				4A06D0B51DF7580700498335 /* LGSideMenuControllerGesturesHandler.h */,
				4A06D0B61DF7580700498335 /* LGSideMenuControllerGesturesHandler.m */,
				4A06D0B71DF7580700498335 /* LGSideMenuView.h */,
				4A06D0B81DF7580700498335 /* LGSideMenuView.m */,
				EDE795441D45DCB8002930CA /* UIViewController+LGSideMenuController.h */,
				EDE795451D45DCB8002930CA /* UIViewController+LGSideMenuController.m */,
			);
			name = LGSideMenuController;
			path = ../LGSideMenuController;
			sourceTree = "<group>";
		};
/* End PBXGroup section */

/* Begin PBXNativeTarget section */
		4A42439A1B6808E4008432A9 /* LGSideMenuControllerDemo */ = {
			isa = PBXNativeTarget;
			buildConfigurationList = 4A4243BE1B6808E4008432A9 /* Build configuration list for PBXNativeTarget "LGSideMenuControllerDemo" */;
			buildPhases = (
				4A4243971B6808E4008432A9 /* Sources */,
				4A4243981B6808E4008432A9 /* Frameworks */,
				4A4243991B6808E4008432A9 /* Resources */,
			);
			buildRules = (
			);
			dependencies = (
			);
			name = LGSideMenuControllerDemo;
			productName = LGSideMenuControllerDemo;
			productReference = 4A42439B1B6808E4008432A9 /* LGSideMenuControllerDemo.app */;
			productType = "com.apple.product-type.application";
		};
/* End PBXNativeTarget section */

/* Begin PBXProject section */
		4A4243931B6808E4008432A9 /* Project object */ = {
			isa = PBXProject;
			attributes = {
				LastUpgradeCheck = 0810;
				ORGANIZATIONNAME = "Grigory Lutkov";
				TargetAttributes = {
					4A42439A1B6808E4008432A9 = {
						CreatedOnToolsVersion = 6.4;
					};
				};
			};
			buildConfigurationList = 4A4243961B6808E4008432A9 /* Build configuration list for PBXProject "LGSideMenuControllerDemo" */;
			compatibilityVersion = "Xcode 3.2";
			developmentRegion = English;
			hasScannedForEncodings = 0;
			knownRegions = (
				en,
				Base,
			);
			mainGroup = 4A4243921B6808E4008432A9;
			productRefGroup = 4A42439C1B6808E4008432A9 /* Products */;
			projectDirPath = "";
			projectRoot = "";
			targets = (
				4A42439A1B6808E4008432A9 /* LGSideMenuControllerDemo */,
			);
		};
/* End PBXProject section */

/* Begin PBXResourcesBuildPhase section */
		4A4243991B6808E4008432A9 /* Resources */ = {
			isa = PBXResourcesBuildPhase;
			buildActionMask = 2147483647;
			files = (
				4A2302541DF41C0500701E9F /* Main.storyboard in Resources */,
				4A2302201DF4165100701E9F /* imageLeft.png in Resources */,
				4A4243AC1B6808E4008432A9 /* Images.xcassets in Resources */,
				4A2302211DF4165100701E9F /* imageRight.png in Resources */,
				4A23022C1DF416E700701E9F /* LaunchScreen.storyboard in Resources */,
				4A23021F1DF4165100701E9F /* imageRoot.png in Resources */,
				4A2302521DF41C0000701E9F /* Choose.storyboard in Resources */,
			);
			runOnlyForDeploymentPostprocessing = 0;
		};
/* End PBXResourcesBuildPhase section */

/* Begin PBXSourcesBuildPhase section */
		4A4243971B6808E4008432A9 /* Sources */ = {
			isa = PBXSourcesBuildPhase;
			buildActionMask = 2147483647;
			files = (
				4A4243A71B6808E4008432A9 /* ViewController.m in Sources */,
				4A4243A41B6808E4008432A9 /* AppDelegate.m in Sources */,
				4AF13A121BF395510037B073 /* LGSideMenuController.m in Sources */,
				4A4243A11B6808E4008432A9 /* main.m in Sources */,
				4A2302571DF4222100701E9F /* MainViewController.m in Sources */,
				4A19DA591BECFE610072427E /* TableViewController.m in Sources */,
				4ADAFC441B691DA500B33211 /* LeftViewController.m in Sources */,
				4A19DA581BECFE610072427E /* ChooseNavigationController.m in Sources */,
				4ADAFC451B691DA500B33211 /* RightViewCell.m in Sources */,
				4A3C468E1DFEE49F007A01D8 /* OtherViewController.m in Sources */,
				4ADAFC461B691DA500B33211 /* RightViewController.m in Sources */,
				EDE795461D45DCB8002930CA /* UIViewController+LGSideMenuController.m in Sources */,
				4A19DA5C1BECFE900072427E /* NavigationController.m in Sources */,
				4ADAFC431B691DA500B33211 /* LeftViewCell.m in Sources */,
				4A06D0B91DF7580700498335 /* LGSideMenuControllerGesturesHandler.m in Sources */,
				4A06D0BA1DF7580700498335 /* LGSideMenuView.m in Sources */,
			);
			runOnlyForDeploymentPostprocessing = 0;
		};
/* End PBXSourcesBuildPhase section */

/* Begin XCBuildConfiguration section */
		4A4243BC1B6808E4008432A9 /* Debug */ = {
			isa = XCBuildConfiguration;
			buildSettings = {
				ALWAYS_SEARCH_USER_PATHS = NO;
				CLANG_CXX_LANGUAGE_STANDARD = "gnu++0x";
				CLANG_CXX_LIBRARY = "libc++";
				CLANG_ENABLE_MODULES = YES;
				CLANG_ENABLE_OBJC_ARC = YES;
				CLANG_WARN_BOOL_CONVERSION = YES;
				CLANG_WARN_CONSTANT_CONVERSION = YES;
				CLANG_WARN_DIRECT_OBJC_ISA_USAGE = YES_ERROR;
				CLANG_WARN_EMPTY_BODY = YES;
				CLANG_WARN_ENUM_CONVERSION = YES;
				CLANG_WARN_INFINITE_RECURSION = YES;
				CLANG_WARN_INT_CONVERSION = YES;
				CLANG_WARN_OBJC_ROOT_CLASS = YES_ERROR;
				CLANG_WARN_SUSPICIOUS_MOVE = YES;
				CLANG_WARN_UNREACHABLE_CODE = YES;
				CLANG_WARN__DUPLICATE_METHOD_MATCH = YES;
				"CODE_SIGN_IDENTITY[sdk=iphoneos*]" = "iPhone Developer";
				COPY_PHASE_STRIP = NO;
				DEBUG_INFORMATION_FORMAT = "dwarf-with-dsym";
				ENABLE_STRICT_OBJC_MSGSEND = YES;
				ENABLE_TESTABILITY = YES;
				GCC_C_LANGUAGE_STANDARD = gnu99;
				GCC_DYNAMIC_NO_PIC = NO;
				GCC_NO_COMMON_BLOCKS = YES;
				GCC_OPTIMIZATION_LEVEL = 0;
				GCC_PREPROCESSOR_DEFINITIONS = (
					"DEBUG=1",
					"$(inherited)",
				);
				GCC_SYMBOLS_PRIVATE_EXTERN = NO;
				GCC_WARN_64_TO_32_BIT_CONVERSION = YES;
				GCC_WARN_ABOUT_RETURN_TYPE = YES_ERROR;
				GCC_WARN_UNDECLARED_SELECTOR = YES;
				GCC_WARN_UNINITIALIZED_AUTOS = YES_AGGRESSIVE;
				GCC_WARN_UNUSED_FUNCTION = YES;
				GCC_WARN_UNUSED_VARIABLE = YES;
				IPHONEOS_DEPLOYMENT_TARGET = 8.0;
				MTL_ENABLE_DEBUG_INFO = YES;
				ONLY_ACTIVE_ARCH = YES;
				SDKROOT = iphoneos;
				TARGETED_DEVICE_FAMILY = "1,2";
			};
			name = Debug;
		};
		4A4243BD1B6808E4008432A9 /* Release */ = {
			isa = XCBuildConfiguration;
			buildSettings = {
				ALWAYS_SEARCH_USER_PATHS = NO;
				CLANG_CXX_LANGUAGE_STANDARD = "gnu++0x";
				CLANG_CXX_LIBRARY = "libc++";
				CLANG_ENABLE_MODULES = YES;
				CLANG_ENABLE_OBJC_ARC = YES;
				CLANG_WARN_BOOL_CONVERSION = YES;
				CLANG_WARN_CONSTANT_CONVERSION = YES;
				CLANG_WARN_DIRECT_OBJC_ISA_USAGE = YES_ERROR;
				CLANG_WARN_EMPTY_BODY = YES;
				CLANG_WARN_ENUM_CONVERSION = YES;
				CLANG_WARN_INFINITE_RECURSION = YES;
				CLANG_WARN_INT_CONVERSION = YES;
				CLANG_WARN_OBJC_ROOT_CLASS = YES_ERROR;
				CLANG_WARN_SUSPICIOUS_MOVE = YES;
				CLANG_WARN_UNREACHABLE_CODE = YES;
				CLANG_WARN__DUPLICATE_METHOD_MATCH = YES;
				"CODE_SIGN_IDENTITY[sdk=iphoneos*]" = "iPhone Developer";
				COPY_PHASE_STRIP = NO;
				DEBUG_INFORMATION_FORMAT = "dwarf-with-dsym";
				ENABLE_NS_ASSERTIONS = NO;
				ENABLE_STRICT_OBJC_MSGSEND = YES;
				GCC_C_LANGUAGE_STANDARD = gnu99;
				GCC_NO_COMMON_BLOCKS = YES;
				GCC_WARN_64_TO_32_BIT_CONVERSION = YES;
				GCC_WARN_ABOUT_RETURN_TYPE = YES_ERROR;
				GCC_WARN_UNDECLARED_SELECTOR = YES;
				GCC_WARN_UNINITIALIZED_AUTOS = YES_AGGRESSIVE;
				GCC_WARN_UNUSED_FUNCTION = YES;
				GCC_WARN_UNUSED_VARIABLE = YES;
				IPHONEOS_DEPLOYMENT_TARGET = 8.0;
				MTL_ENABLE_DEBUG_INFO = NO;
				SDKROOT = iphoneos;
				TARGETED_DEVICE_FAMILY = "1,2";
				VALIDATE_PRODUCT = YES;
			};
			name = Release;
		};
		4A4243BF1B6808E4008432A9 /* Debug */ = {
			isa = XCBuildConfiguration;
			buildSettings = {
				ASSETCATALOG_COMPILER_APPICON_NAME = AppIcon;
				ASSETCATALOG_COMPILER_LAUNCHIMAGE_NAME = LaunchImage;
				DEVELOPMENT_TEAM = "";
				INFOPLIST_FILE = LGSideMenuControllerDemo/Info.plist;
				IPHONEOS_DEPLOYMENT_TARGET = 8.0;
				LD_RUNPATH_SEARCH_PATHS = "$(inherited) @executable_path/Frameworks";
				PRODUCT_BUNDLE_IDENTIFIER = com.test.LGSideMenuControllerDemo;
				PRODUCT_NAME = "$(TARGET_NAME)";
				TARGETED_DEVICE_FAMILY = "1,2";
			};
			name = Debug;
		};
		4A4243C01B6808E4008432A9 /* Release */ = {
			isa = XCBuildConfiguration;
			buildSettings = {
				ASSETCATALOG_COMPILER_APPICON_NAME = AppIcon;
				ASSETCATALOG_COMPILER_LAUNCHIMAGE_NAME = LaunchImage;
				DEVELOPMENT_TEAM = "";
				INFOPLIST_FILE = LGSideMenuControllerDemo/Info.plist;
				IPHONEOS_DEPLOYMENT_TARGET = 8.0;
				LD_RUNPATH_SEARCH_PATHS = "$(inherited) @executable_path/Frameworks";
				PRODUCT_BUNDLE_IDENTIFIER = com.test.LGSideMenuControllerDemo;
				PRODUCT_NAME = "$(TARGET_NAME)";
				TARGETED_DEVICE_FAMILY = "1,2";
			};
			name = Release;
		};
/* End XCBuildConfiguration section */

/* Begin XCConfigurationList section */
		4A4243961B6808E4008432A9 /* Build configuration list for PBXProject "LGSideMenuControllerDemo" */ = {
			isa = XCConfigurationList;
			buildConfigurations = (
				4A4243BC1B6808E4008432A9 /* Debug */,
				4A4243BD1B6808E4008432A9 /* Release */,
			);
			defaultConfigurationIsVisible = 0;
			defaultConfigurationName = Release;
		};
		4A4243BE1B6808E4008432A9 /* Build configuration list for PBXNativeTarget "LGSideMenuControllerDemo" */ = {
			isa = XCConfigurationList;
			buildConfigurations = (
				4A4243BF1B6808E4008432A9 /* Debug */,
				4A4243C01B6808E4008432A9 /* Release */,
			);
			defaultConfigurationIsVisible = 0;
			defaultConfigurationName = Release;
		};
/* End XCConfigurationList section */
	};
	rootObject = 4A4243931B6808E4008432A9 /* Project object */;
}
