// !$*UTF8*$!
{
	archiveVersion = 1;
	classes = {
	};
	objectVersion = 46;
	objects = {

/* Begin PBXBuildFile section */
		4A06D0A51DF7465A00498335 /* LGSideMenuView.m in Sources */ = {isa = PBXBuildFile; fileRef = 4A06D0A41DF7465A00498335 /* LGSideMenuView.m */; };
		4A06D0A81DF7475B00498335 /* LGSideMenuControllerGesturesHandler.m in Sources */ = {isa = PBXBuildFile; fileRef = 4A06D0A71DF7475B00498335 /* LGSideMenuControllerGesturesHandler.m */; };
		4A2302181DF415CB00701E9F /* imageLeft.png in Resources */ = {isa = PBXBuildFile; fileRef = 4A2302151DF415CB00701E9F /* imageLeft.png */; };
		4A2302191DF415CB00701E9F /* imageRight.png in Resources */ = {isa = PBXBuildFile; fileRef = 4A2302161DF415CB00701E9F /* imageRight.png */; };
		4A23021A1DF415CB00701E9F /* imageRoot.png in Resources */ = {isa = PBXBuildFile; fileRef = 4A2302171DF415CB00701E9F /* imageRoot.png */; };
		4A2302321DF417DA00701E9F /* LaunchScreen.storyboard in Resources */ = {isa = PBXBuildFile; fileRef = 4A2302311DF417DA00701E9F /* LaunchScreen.storyboard */; };
		4A23025A1DF4222D00701E9F /* MainViewController.m in Sources */ = {isa = PBXBuildFile; fileRef = 4A2302591DF4222D00701E9F /* MainViewController.m */; };
		4A244AC91E77021F004EB6BE /* LGSideMenuDrawer.m in Sources */ = {isa = PBXBuildFile; fileRef = 4A244AC81E77021F004EB6BE /* LGSideMenuDrawer.m */; };
		4A371ED81BEBA53000FB3DA4 /* NavigationController.m in Sources */ = {isa = PBXBuildFile; fileRef = 4A371ED71BEBA53000FB3DA4 /* NavigationController.m */; };
		4A371EDB1BEBA97D00FB3DA4 /* TableViewController.m in Sources */ = {isa = PBXBuildFile; fileRef = 4A371EDA1BEBA97D00FB3DA4 /* TableViewController.m */; };
		4A371EE31BEBB20D00FB3DA4 /* ChooseNavigationController.m in Sources */ = {isa = PBXBuildFile; fileRef = 4A371EE21BEBB20D00FB3DA4 /* ChooseNavigationController.m */; };
		4A3BFA041DFD9D98000465E2 /* OtherViewController.m in Sources */ = {isa = PBXBuildFile; fileRef = 4A3BFA031DFD9D98000465E2 /* OtherViewController.m */; };
		4A4319171AECF95D0088EFD7 /* LeftViewController.m in Sources */ = {isa = PBXBuildFile; fileRef = 4A4319161AECF95D0088EFD7 /* LeftViewController.m */; };
		4A43191A1AECFECB0088EFD7 /* LeftViewCell.m in Sources */ = {isa = PBXBuildFile; fileRef = 4A4319191AECFECB0088EFD7 /* LeftViewCell.m */; };
		4A4319201AED009D0088EFD7 /* RightViewCell.m in Sources */ = {isa = PBXBuildFile; fileRef = 4A43191D1AED009D0088EFD7 /* RightViewCell.m */; };
		4A4319211AED009D0088EFD7 /* RightViewController.m in Sources */ = {isa = PBXBuildFile; fileRef = 4A43191F1AED009D0088EFD7 /* RightViewController.m */; };
		4A454CDE1DECCA7100C09F69 /* UIViewController+LGSideMenuController.m in Sources */ = {isa = PBXBuildFile; fileRef = 4A454CDD1DECCA7100C09F69 /* UIViewController+LGSideMenuController.m */; };
		4A5888BB1AE9489E004AFC57 /* main.m in Sources */ = {isa = PBXBuildFile; fileRef = 4A5888BA1AE9489E004AFC57 /* main.m */; };
		4A5888BE1AE9489E004AFC57 /* AppDelegate.m in Sources */ = {isa = PBXBuildFile; fileRef = 4A5888BD1AE9489E004AFC57 /* AppDelegate.m */; };
		4A5888C61AE9489E004AFC57 /* Images.xcassets in Resources */ = {isa = PBXBuildFile; fileRef = 4A5888C51AE9489E004AFC57 /* Images.xcassets */; };
		4A5888E31AE94907004AFC57 /* ViewController.m in Sources */ = {isa = PBXBuildFile; fileRef = 4A5888E11AE94907004AFC57 /* ViewController.m */; };
		4A8505C61E7AEAB6008C3F86 /* LGSideMenuHelper.m in Sources */ = {isa = PBXBuildFile; fileRef = 4A8505C51E7AEAB6008C3F86 /* LGSideMenuHelper.m */; };
		4AF13A0E1BF3950C0037B073 /* LGSideMenuController.m in Sources */ = {isa = PBXBuildFile; fileRef = 4AF13A0D1BF3950C0037B073 /* LGSideMenuController.m */; };
/* End PBXBuildFile section */

/* Begin PBXFileReference section */
		4A06D0A31DF7465A00498335 /* LGSideMenuView.h */ = {isa = PBXFileReference; fileEncoding = 4; lastKnownFileType = sourcecode.c.h; path = LGSideMenuView.h; sourceTree = "<group>"; };
		4A06D0A41DF7465A00498335 /* LGSideMenuView.m */ = {isa = PBXFileReference; fileEncoding = 4; lastKnownFileType = sourcecode.c.objc; path = LGSideMenuView.m; sourceTree = "<group>"; };
		4A06D0A61DF7475B00498335 /* LGSideMenuControllerGesturesHandler.h */ = {isa = PBXFileReference; fileEncoding = 4; lastKnownFileType = sourcecode.c.h; path = LGSideMenuControllerGesturesHandler.h; sourceTree = "<group>"; };
		4A06D0A71DF7475B00498335 /* LGSideMenuControllerGesturesHandler.m */ = {isa = PBXFileReference; fileEncoding = 4; lastKnownFileType = sourcecode.c.objc; path = LGSideMenuControllerGesturesHandler.m; sourceTree = "<group>"; };
		4A2302151DF415CB00701E9F /* imageLeft.png */ = {isa = PBXFileReference; lastKnownFileType = image.png; name = imageLeft.png; path = ../../Demo_shared_files/imageLeft.png; sourceTree = "<group>"; };
		4A2302161DF415CB00701E9F /* imageRight.png */ = {isa = PBXFileReference; lastKnownFileType = image.png; name = imageRight.png; path = ../../Demo_shared_files/imageRight.png; sourceTree = "<group>"; };
		4A2302171DF415CB00701E9F /* imageRoot.png */ = {isa = PBXFileReference; lastKnownFileType = image.png; name = imageRoot.png; path = ../../Demo_shared_files/imageRoot.png; sourceTree = "<group>"; };
		4A2302311DF417DA00701E9F /* LaunchScreen.storyboard */ = {isa = PBXFileReference; fileEncoding = 4; lastKnownFileType = file.storyboard; name = LaunchScreen.storyboard; path = ../../Demo_shared_files/LaunchScreen.storyboard; sourceTree = "<group>"; };
		4A2302581DF4222D00701E9F /* MainViewController.h */ = {isa = PBXFileReference; fileEncoding = 4; lastKnownFileType = sourcecode.c.h; name = MainViewController.h; path = "../../Demo_shared_files/Objective-C/MainViewController.h"; sourceTree = "<group>"; };
		4A2302591DF4222D00701E9F /* MainViewController.m */ = {isa = PBXFileReference; fileEncoding = 4; lastKnownFileType = sourcecode.c.objc; name = MainViewController.m; path = "../../Demo_shared_files/Objective-C/MainViewController.m"; sourceTree = "<group>"; };
		4A244AC71E77021F004EB6BE /* LGSideMenuDrawer.h */ = {isa = PBXFileReference; fileEncoding = 4; lastKnownFileType = sourcecode.c.h; path = LGSideMenuDrawer.h; sourceTree = "<group>"; };
		4A244AC81E77021F004EB6BE /* LGSideMenuDrawer.m */ = {isa = PBXFileReference; fileEncoding = 4; lastKnownFileType = sourcecode.c.objc; path = LGSideMenuDrawer.m; sourceTree = "<group>"; };
		4A371ED61BEBA53000FB3DA4 /* NavigationController.h */ = {isa = PBXFileReference; fileEncoding = 4; lastKnownFileType = sourcecode.c.h; lineEnding = 0; path = NavigationController.h; sourceTree = "<group>"; xcLanguageSpecificationIdentifier = xcode.lang.objcpp; };
		4A371ED71BEBA53000FB3DA4 /* NavigationController.m */ = {isa = PBXFileReference; fileEncoding = 4; lastKnownFileType = sourcecode.c.objc; lineEnding = 0; path = NavigationController.m; sourceTree = "<group>"; xcLanguageSpecificationIdentifier = xcode.lang.objc; };
		4A371ED91BEBA97C00FB3DA4 /* TableViewController.h */ = {isa = PBXFileReference; fileEncoding = 4; lastKnownFileType = sourcecode.c.h; lineEnding = 0; path = TableViewController.h; sourceTree = "<group>"; xcLanguageSpecificationIdentifier = xcode.lang.objcpp; };
		4A371EDA1BEBA97D00FB3DA4 /* TableViewController.m */ = {isa = PBXFileReference; fileEncoding = 4; lastKnownFileType = sourcecode.c.objc; lineEnding = 0; path = TableViewController.m; sourceTree = "<group>"; xcLanguageSpecificationIdentifier = xcode.lang.objc; };
		4A371EE11BEBB20D00FB3DA4 /* ChooseNavigationController.h */ = {isa = PBXFileReference; fileEncoding = 4; lastKnownFileType = sourcecode.c.h; lineEnding = 0; path = ChooseNavigationController.h; sourceTree = "<group>"; xcLanguageSpecificationIdentifier = xcode.lang.objcpp; };
		4A371EE21BEBB20D00FB3DA4 /* ChooseNavigationController.m */ = {isa = PBXFileReference; fileEncoding = 4; lastKnownFileType = sourcecode.c.objc; lineEnding = 0; path = ChooseNavigationController.m; sourceTree = "<group>"; xcLanguageSpecificationIdentifier = xcode.lang.objc; };
		4A3BFA021DFD9D98000465E2 /* OtherViewController.h */ = {isa = PBXFileReference; fileEncoding = 4; lastKnownFileType = sourcecode.c.h; path = OtherViewController.h; sourceTree = "<group>"; };
		4A3BFA031DFD9D98000465E2 /* OtherViewController.m */ = {isa = PBXFileReference; fileEncoding = 4; lastKnownFileType = sourcecode.c.objc; path = OtherViewController.m; sourceTree = "<group>"; };
		4A4319151AECF95D0088EFD7 /* LeftViewController.h */ = {isa = PBXFileReference; fileEncoding = 4; lastKnownFileType = sourcecode.c.h; lineEnding = 0; path = LeftViewController.h; sourceTree = "<group>"; xcLanguageSpecificationIdentifier = xcode.lang.objcpp; };
		4A4319161AECF95D0088EFD7 /* LeftViewController.m */ = {isa = PBXFileReference; fileEncoding = 4; lastKnownFileType = sourcecode.c.objc; lineEnding = 0; path = LeftViewController.m; sourceTree = "<group>"; xcLanguageSpecificationIdentifier = xcode.lang.objc; };
		4A4319181AECFECB0088EFD7 /* LeftViewCell.h */ = {isa = PBXFileReference; fileEncoding = 4; lastKnownFileType = sourcecode.c.h; lineEnding = 0; path = LeftViewCell.h; sourceTree = "<group>"; xcLanguageSpecificationIdentifier = xcode.lang.objcpp; };
		4A4319191AECFECB0088EFD7 /* LeftViewCell.m */ = {isa = PBXFileReference; fileEncoding = 4; lastKnownFileType = sourcecode.c.objc; lineEnding = 0; path = LeftViewCell.m; sourceTree = "<group>"; xcLanguageSpecificationIdentifier = xcode.lang.objc; };
		4A43191C1AED009D0088EFD7 /* RightViewCell.h */ = {isa = PBXFileReference; fileEncoding = 4; lastKnownFileType = sourcecode.c.h; lineEnding = 0; path = RightViewCell.h; sourceTree = "<group>"; xcLanguageSpecificationIdentifier = xcode.lang.objcpp; };
		4A43191D1AED009D0088EFD7 /* RightViewCell.m */ = {isa = PBXFileReference; fileEncoding = 4; lastKnownFileType = sourcecode.c.objc; lineEnding = 0; path = RightViewCell.m; sourceTree = "<group>"; xcLanguageSpecificationIdentifier = xcode.lang.objc; };
		4A43191E1AED009D0088EFD7 /* RightViewController.h */ = {isa = PBXFileReference; fileEncoding = 4; lastKnownFileType = sourcecode.c.h; lineEnding = 0; path = RightViewController.h; sourceTree = "<group>"; xcLanguageSpecificationIdentifier = xcode.lang.objcpp; };
		4A43191F1AED009D0088EFD7 /* RightViewController.m */ = {isa = PBXFileReference; fileEncoding = 4; lastKnownFileType = sourcecode.c.objc; lineEnding = 0; path = RightViewController.m; sourceTree = "<group>"; xcLanguageSpecificationIdentifier = xcode.lang.objc; };
		4A454CDC1DECCA7100C09F69 /* UIViewController+LGSideMenuController.h */ = {isa = PBXFileReference; fileEncoding = 4; lastKnownFileType = sourcecode.c.h; path = "UIViewController+LGSideMenuController.h"; sourceTree = "<group>"; xcLanguageSpecificationIdentifier = xcode.lang.objcpp; };
		4A454CDD1DECCA7100C09F69 /* UIViewController+LGSideMenuController.m */ = {isa = PBXFileReference; fileEncoding = 4; lastKnownFileType = sourcecode.c.objc; path = "UIViewController+LGSideMenuController.m"; sourceTree = "<group>"; xcLanguageSpecificationIdentifier = xcode.lang.objc; };
		4A5888B51AE9489E004AFC57 /* LGSideMenuControllerDemo.app */ = {isa = PBXFileReference; explicitFileType = wrapper.application; includeInIndex = 0; path = LGSideMenuControllerDemo.app; sourceTree = BUILT_PRODUCTS_DIR; };
		4A5888B91AE9489E004AFC57 /* Info.plist */ = {isa = PBXFileReference; lastKnownFileType = text.plist.xml; path = Info.plist; sourceTree = "<group>"; };
		4A5888BA1AE9489E004AFC57 /* main.m */ = {isa = PBXFileReference; lastKnownFileType = sourcecode.c.objc; lineEnding = 0; path = main.m; sourceTree = "<group>"; xcLanguageSpecificationIdentifier = xcode.lang.objc; };
		4A5888BC1AE9489E004AFC57 /* AppDelegate.h */ = {isa = PBXFileReference; lastKnownFileType = sourcecode.c.h; lineEnding = 0; path = AppDelegate.h; sourceTree = "<group>"; xcLanguageSpecificationIdentifier = xcode.lang.objcpp; };
		4A5888BD1AE9489E004AFC57 /* AppDelegate.m */ = {isa = PBXFileReference; lastKnownFileType = sourcecode.c.objc; lineEnding = 0; path = AppDelegate.m; sourceTree = "<group>"; xcLanguageSpecificationIdentifier = xcode.lang.objc; };
		4A5888C51AE9489E004AFC57 /* Images.xcassets */ = {isa = PBXFileReference; lastKnownFileType = folder.assetcatalog; path = Images.xcassets; sourceTree = "<group>"; };
		4A5888E01AE94907004AFC57 /* ViewController.h */ = {isa = PBXFileReference; fileEncoding = 4; lastKnownFileType = sourcecode.c.h; lineEnding = 0; path = ViewController.h; sourceTree = "<group>"; xcLanguageSpecificationIdentifier = xcode.lang.objcpp; };
		4A5888E11AE94907004AFC57 /* ViewController.m */ = {isa = PBXFileReference; fileEncoding = 4; lastKnownFileType = sourcecode.c.objc; lineEnding = 0; path = ViewController.m; sourceTree = "<group>"; xcLanguageSpecificationIdentifier = xcode.lang.objc; };
		4A8505C41E7AEAB6008C3F86 /* LGSideMenuHelper.h */ = {isa = PBXFileReference; fileEncoding = 4; lastKnownFileType = sourcecode.c.h; path = LGSideMenuHelper.h; sourceTree = "<group>"; };
		4A8505C51E7AEAB6008C3F86 /* LGSideMenuHelper.m */ = {isa = PBXFileReference; fileEncoding = 4; lastKnownFileType = sourcecode.c.objc; path = LGSideMenuHelper.m; sourceTree = "<group>"; };
		4AF13A0C1BF3950C0037B073 /* LGSideMenuController.h */ = {isa = PBXFileReference; fileEncoding = 4; lastKnownFileType = sourcecode.c.h; lineEnding = 0; path = LGSideMenuController.h; sourceTree = "<group>"; xcLanguageSpecificationIdentifier = xcode.lang.objcpp; };
		4AF13A0D1BF3950C0037B073 /* LGSideMenuController.m */ = {isa = PBXFileReference; fileEncoding = 4; lastKnownFileType = sourcecode.c.objc; lineEnding = 0; path = LGSideMenuController.m; sourceTree = "<group>"; xcLanguageSpecificationIdentifier = xcode.lang.objc; };
/* End PBXFileReference section */

/* Begin PBXFrameworksBuildPhase section */
		4A5888B21AE9489E004AFC57 /* Frameworks */ = {
			isa = PBXFrameworksBuildPhase;
			buildActionMask = 2147483647;
			files = (
			);
			runOnlyForDeploymentPostprocessing = 0;
		};
/* End PBXFrameworksBuildPhase section */

/* Begin PBXGroup section */
		4A06D0A11DF715B400498335 /* Root View Controller */ = {
			isa = PBXGroup;
			children = (
				4A371ED61BEBA53000FB3DA4 /* NavigationController.h */,
				4A371ED71BEBA53000FB3DA4 /* NavigationController.m */,
				4A5888E01AE94907004AFC57 /* ViewController.h */,
				4A5888E11AE94907004AFC57 /* ViewController.m */,
				4A3BFA021DFD9D98000465E2 /* OtherViewController.h */,
				4A3BFA031DFD9D98000465E2 /* OtherViewController.m */,
			);
			name = "Root View Controller";
			sourceTree = "<group>";
		};
		4A2302141DF415B400701E9F /* Resources */ = {
			isa = PBXGroup;
			children = (
				4A2302151DF415CB00701E9F /* imageLeft.png */,
				4A2302161DF415CB00701E9F /* imageRight.png */,
				4A2302171DF415CB00701E9F /* imageRoot.png */,
			);
			name = Resources;
			sourceTree = "<group>";
		};
		4A371EDF1BEBB19500FB3DA4 /* Choose View Controller */ = {
			isa = PBXGroup;
			children = (
				4A371EE11BEBB20D00FB3DA4 /* ChooseNavigationController.h */,
				4A371EE21BEBB20D00FB3DA4 /* ChooseNavigationController.m */,
				4A371ED91BEBA97C00FB3DA4 /* TableViewController.h */,
				4A371EDA1BEBA97D00FB3DA4 /* TableViewController.m */,
			);
			name = "Choose View Controller";
			sourceTree = "<group>";
		};
		4A371EE01BEBB1A400FB3DA4 /* Side Menu Controller */ = {
			isa = PBXGroup;
			children = (
				4A06D0A11DF715B400498335 /* Root View Controller */,
				4A4319141AECF93A0088EFD7 /* Left View Controller */,
				4A43191B1AED007A0088EFD7 /* Right View Controller */,
				4A2302581DF4222D00701E9F /* MainViewController.h */,
				4A2302591DF4222D00701E9F /* MainViewController.m */,
			);
			name = "Side Menu Controller";
			sourceTree = "<group>";
		};
		4A4319141AECF93A0088EFD7 /* Left View Controller */ = {
			isa = PBXGroup;
			children = (
				4A4319151AECF95D0088EFD7 /* LeftViewController.h */,
				4A4319161AECF95D0088EFD7 /* LeftViewController.m */,
				4A4319181AECFECB0088EFD7 /* LeftViewCell.h */,
				4A4319191AECFECB0088EFD7 /* LeftViewCell.m */,
			);
			name = "Left View Controller";
			sourceTree = "<group>";
		};
		4A43191B1AED007A0088EFD7 /* Right View Controller */ = {
			isa = PBXGroup;
			children = (
				4A43191E1AED009D0088EFD7 /* RightViewController.h */,
				4A43191F1AED009D0088EFD7 /* RightViewController.m */,
				4A43191C1AED009D0088EFD7 /* RightViewCell.h */,
				4A43191D1AED009D0088EFD7 /* RightViewCell.m */,
			);
			name = "Right View Controller";
			sourceTree = "<group>";
		};
		4A5888AC1AE9489E004AFC57 = {
			isa = PBXGroup;
			children = (
				4AF13A0B1BF3950C0037B073 /* LGSideMenuController */,
				4A5888B71AE9489E004AFC57 /* LGSideMenuControllerDemo */,
				4A5888B61AE9489E004AFC57 /* Products */,
			);
			sourceTree = "<group>";
		};
		4A5888B61AE9489E004AFC57 /* Products */ = {
			isa = PBXGroup;
			children = (
				4A5888B51AE9489E004AFC57 /* LGSideMenuControllerDemo.app */,
			);
			name = Products;
			sourceTree = "<group>";
		};
		4A5888B71AE9489E004AFC57 /* LGSideMenuControllerDemo */ = {
			isa = PBXGroup;
			children = (
				4A5888BC1AE9489E004AFC57 /* AppDelegate.h */,
				4A5888BD1AE9489E004AFC57 /* AppDelegate.m */,
				4A371EDF1BEBB19500FB3DA4 /* Choose View Controller */,
				4A371EE01BEBB1A400FB3DA4 /* Side Menu Controller */,
				4A5888C51AE9489E004AFC57 /* Images.xcassets */,
				4A2302141DF415B400701E9F /* Resources */,
				4A5888B81AE9489E004AFC57 /* Supporting Files */,
				4A2302311DF417DA00701E9F /* LaunchScreen.storyboard */,
			);
			path = LGSideMenuControllerDemo;
			sourceTree = "<group>";
		};
		4A5888B81AE9489E004AFC57 /* Supporting Files */ = {
			isa = PBXGroup;
			children = (
				4A5888B91AE9489E004AFC57 /* Info.plist */,
				4A5888BA1AE9489E004AFC57 /* main.m */,
			);
			name = "Supporting Files";
			sourceTree = "<group>";
		};
		4AF13A0B1BF3950C0037B073 /* LGSideMenuController */ = {
			isa = PBXGroup;
			children = (
				4AF13A0C1BF3950C0037B073 /* LGSideMenuController.h */,
				4AF13A0D1BF3950C0037B073 /* LGSideMenuController.m */,
				4A06D0A61DF7475B00498335 /* LGSideMenuControllerGesturesHandler.h */,
				4A06D0A71DF7475B00498335 /* LGSideMenuControllerGesturesHandler.m */,
				4A244AC71E77021F004EB6BE /* LGSideMenuDrawer.h */,
				4A244AC81E77021F004EB6BE /* LGSideMenuDrawer.m */,
				4A8505C41E7AEAB6008C3F86 /* LGSideMenuHelper.h */,
				4A8505C51E7AEAB6008C3F86 /* LGSideMenuHelper.m */,
				4A06D0A31DF7465A00498335 /* LGSideMenuView.h */,
				4A06D0A41DF7465A00498335 /* LGSideMenuView.m */,
				4A454CDC1DECCA7100C09F69 /* UIViewController+LGSideMenuController.h */,
				4A454CDD1DECCA7100C09F69 /* UIViewController+LGSideMenuController.m */,
			);
			name = LGSideMenuController;
			path = ../LGSideMenuController;
			sourceTree = "<group>";
		};
/* End PBXGroup section */

/* Begin PBXNativeTarget section */
		4A5888B41AE9489E004AFC57 /* LGSideMenuControllerDemo */ = {
			isa = PBXNativeTarget;
			buildConfigurationList = 4A5888D81AE9489E004AFC57 /* Build configuration list for PBXNativeTarget "LGSideMenuControllerDemo" */;
			buildPhases = (
				4A5888B11AE9489E004AFC57 /* Sources */,
				4A5888B21AE9489E004AFC57 /* Frameworks */,
				4A5888B31AE9489E004AFC57 /* Resources */,
			);
			buildRules = (
			);
			dependencies = (
			);
			name = LGSideMenuControllerDemo;
			productName = LGSideMenuControllerDemo;
			productReference = 4A5888B51AE9489E004AFC57 /* LGSideMenuControllerDemo.app */;
			productType = "com.apple.product-type.application";
		};
/* End PBXNativeTarget section */

/* Begin PBXProject section */
		4A5888AD1AE9489E004AFC57 /* Project object */ = {
			isa = PBXProject;
			attributes = {
				LastUpgradeCheck = 0810;
				ORGANIZATIONNAME = "Grigory Lutkov";
				TargetAttributes = {
					4A5888B41AE9489E004AFC57 = {
						CreatedOnToolsVersion = 6.3;
					};
				};
			};
			buildConfigurationList = 4A5888B01AE9489E004AFC57 /* Build configuration list for PBXProject "LGSideMenuControllerDemo" */;
			compatibilityVersion = "Xcode 3.2";
			developmentRegion = English;
			hasScannedForEncodings = 0;
			knownRegions = (
				en,
				Base,
			);
			mainGroup = 4A5888AC1AE9489E004AFC57;
			productRefGroup = 4A5888B61AE9489E004AFC57 /* Products */;
			projectDirPath = "";
			projectRoot = "";
			targets = (
				4A5888B41AE9489E004AFC57 /* LGSideMenuControllerDemo */,
			);
		};
/* End PBXProject section */

/* Begin PBXResourcesBuildPhase section */
		4A5888B31AE9489E004AFC57 /* Resources */ = {
			isa = PBXResourcesBuildPhase;
			buildActionMask = 2147483647;
			files = (
				4A5888C61AE9489E004AFC57 /* Images.xcassets in Resources */,
				4A23021A1DF415CB00701E9F /* imageRoot.png in Resources */,
				4A2302191DF415CB00701E9F /* imageRight.png in Resources */,
				4A2302321DF417DA00701E9F /* LaunchScreen.storyboard in Resources */,
				4A2302181DF415CB00701E9F /* imageLeft.png in Resources */,
			);
			runOnlyForDeploymentPostprocessing = 0;
		};
/* End PBXResourcesBuildPhase section */

/* Begin PBXSourcesBuildPhase section */
		4A5888B11AE9489E004AFC57 /* Sources */ = {
			isa = PBXSourcesBuildPhase;
			buildActionMask = 2147483647;
			files = (
				4A371EDB1BEBA97D00FB3DA4 /* TableViewController.m in Sources */,
				4A5888BE1AE9489E004AFC57 /* AppDelegate.m in Sources */,
				4AF13A0E1BF3950C0037B073 /* LGSideMenuController.m in Sources */,
				4A43191A1AECFECB0088EFD7 /* LeftViewCell.m in Sources */,
				4A8505C61E7AEAB6008C3F86 /* LGSideMenuHelper.m in Sources */,
				4A23025A1DF4222D00701E9F /* MainViewController.m in Sources */,
				4A06D0A81DF7475B00498335 /* LGSideMenuControllerGesturesHandler.m in Sources */,
				4A244AC91E77021F004EB6BE /* LGSideMenuDrawer.m in Sources */,
				4A4319171AECF95D0088EFD7 /* LeftViewController.m in Sources */,
				4A371EE31BEBB20D00FB3DA4 /* ChooseNavigationController.m in Sources */,
				4A5888BB1AE9489E004AFC57 /* main.m in Sources */,
				4A3BFA041DFD9D98000465E2 /* OtherViewController.m in Sources */,
				4A4319201AED009D0088EFD7 /* RightViewCell.m in Sources */,
				4A4319211AED009D0088EFD7 /* RightViewController.m in Sources */,
				4A454CDE1DECCA7100C09F69 /* UIViewController+LGSideMenuController.m in Sources */,
				4A371ED81BEBA53000FB3DA4 /* NavigationController.m in Sources */,
				4A5888E31AE94907004AFC57 /* ViewController.m in Sources */,
				4A06D0A51DF7465A00498335 /* LGSideMenuView.m in Sources */,
			);
			runOnlyForDeploymentPostprocessing = 0;
		};
/* End PBXSourcesBuildPhase section */

/* Begin XCBuildConfiguration section */
		4A5888D61AE9489E004AFC57 /* Debug */ = {
			isa = XCBuildConfiguration;
			buildSettings = {
				ALWAYS_SEARCH_USER_PATHS = NO;
				CLANG_CXX_LANGUAGE_STANDARD = "gnu++0x";
				CLANG_CXX_LIBRARY = "libc++";
				CLANG_ENABLE_MODULES = YES;
				CLANG_ENABLE_OBJC_ARC = YES;
				CLANG_WARN_BOOL_CONVERSION = YES;
				CLANG_WARN_CONSTANT_CONVERSION = YES;
				CLANG_WARN_DIRECT_OBJC_ISA_USAGE = YES_ERROR;
				CLANG_WARN_EMPTY_BODY = YES;
				CLANG_WARN_ENUM_CONVERSION = YES;
				CLANG_WARN_INFINITE_RECURSION = YES;
				CLANG_WARN_INT_CONVERSION = YES;
				CLANG_WARN_OBJC_ROOT_CLASS = YES_ERROR;
				CLANG_WARN_SUSPICIOUS_MOVE = YES;
				CLANG_WARN_UNREACHABLE_CODE = YES;
				CLANG_WARN__DUPLICATE_METHOD_MATCH = YES;
				"CODE_SIGN_IDENTITY[sdk=iphoneos*]" = "iPhone Developer";
				COPY_PHASE_STRIP = NO;
				DEBUG_INFORMATION_FORMAT = "dwarf-with-dsym";
				ENABLE_STRICT_OBJC_MSGSEND = YES;
				ENABLE_TESTABILITY = YES;
				GCC_C_LANGUAGE_STANDARD = gnu99;
				GCC_DYNAMIC_NO_PIC = NO;
				GCC_NO_COMMON_BLOCKS = YES;
				GCC_OPTIMIZATION_LEVEL = 0;
				GCC_PREPROCESSOR_DEFINITIONS = (
					"DEBUG=1",
					"$(inherited)",
				);
				GCC_SYMBOLS_PRIVATE_EXTERN = NO;
				GCC_WARN_64_TO_32_BIT_CONVERSION = YES;
				GCC_WARN_ABOUT_RETURN_TYPE = YES_ERROR;
				GCC_WARN_UNDECLARED_SELECTOR = YES;
				GCC_WARN_UNINITIALIZED_AUTOS = YES_AGGRESSIVE;
				GCC_WARN_UNUSED_FUNCTION = YES;
				GCC_WARN_UNUSED_VARIABLE = YES;
				IPHONEOS_DEPLOYMENT_TARGET = 8.0;
				MTL_ENABLE_DEBUG_INFO = YES;
				ONLY_ACTIVE_ARCH = YES;
				SDKROOT = iphoneos;
				TARGETED_DEVICE_FAMILY = "1,2";
			};
			name = Debug;
		};
		4A5888D71AE9489E004AFC57 /* Release */ = {
			isa = XCBuildConfiguration;
			buildSettings = {
				ALWAYS_SEARCH_USER_PATHS = NO;
				CLANG_CXX_LANGUAGE_STANDARD = "gnu++0x";
				CLANG_CXX_LIBRARY = "libc++";
				CLANG_ENABLE_MODULES = YES;
				CLANG_ENABLE_OBJC_ARC = YES;
				CLANG_WARN_BOOL_CONVERSION = YES;
				CLANG_WARN_CONSTANT_CONVERSION = YES;
				CLANG_WARN_DIRECT_OBJC_ISA_USAGE = YES_ERROR;
				CLANG_WARN_EMPTY_BODY = YES;
				CLANG_WARN_ENUM_CONVERSION = YES;
				CLANG_WARN_INFINITE_RECURSION = YES;
				CLANG_WARN_INT_CONVERSION = YES;
				CLANG_WARN_OBJC_ROOT_CLASS = YES_ERROR;
				CLANG_WARN_SUSPICIOUS_MOVE = YES;
				CLANG_WARN_UNREACHABLE_CODE = YES;
				CLANG_WARN__DUPLICATE_METHOD_MATCH = YES;
				"CODE_SIGN_IDENTITY[sdk=iphoneos*]" = "iPhone Developer";
				COPY_PHASE_STRIP = NO;
				DEBUG_INFORMATION_FORMAT = "dwarf-with-dsym";
				ENABLE_NS_ASSERTIONS = NO;
				ENABLE_STRICT_OBJC_MSGSEND = YES;
				GCC_C_LANGUAGE_STANDARD = gnu99;
				GCC_NO_COMMON_BLOCKS = YES;
				GCC_WARN_64_TO_32_BIT_CONVERSION = YES;
				GCC_WARN_ABOUT_RETURN_TYPE = YES_ERROR;
				GCC_WARN_UNDECLARED_SELECTOR = YES;
				GCC_WARN_UNINITIALIZED_AUTOS = YES_AGGRESSIVE;
				GCC_WARN_UNUSED_FUNCTION = YES;
				GCC_WARN_UNUSED_VARIABLE = YES;
				IPHONEOS_DEPLOYMENT_TARGET = 8.0;
				MTL_ENABLE_DEBUG_INFO = NO;
				SDKROOT = iphoneos;
				TARGETED_DEVICE_FAMILY = "1,2";
				VALIDATE_PRODUCT = YES;
			};
			name = Release;
		};
		4A5888D91AE9489E004AFC57 /* Debug */ = {
			isa = XCBuildConfiguration;
			buildSettings = {
				ASSETCATALOG_COMPILER_APPICON_NAME = AppIcon;
				ASSETCATALOG_COMPILER_LAUNCHIMAGE_NAME = LaunchImage;
				DEVELOPMENT_TEAM = "";
				INFOPLIST_FILE = LGSideMenuControllerDemo/Info.plist;
				IPHONEOS_DEPLOYMENT_TARGET = 8.0;
				LD_RUNPATH_SEARCH_PATHS = "$(inherited) @executable_path/Frameworks";
				PRODUCT_BUNDLE_IDENTIFIER = com.test.LGSideMenuControllerDemo;
				PRODUCT_NAME = "$(TARGET_NAME)";
				TARGETED_DEVICE_FAMILY = "1,2";
			};
			name = Debug;
		};
		4A5888DA1AE9489E004AFC57 /* Release */ = {
			isa = XCBuildConfiguration;
			buildSettings = {
				ASSETCATALOG_COMPILER_APPICON_NAME = AppIcon;
				ASSETCATALOG_COMPILER_LAUNCHIMAGE_NAME = LaunchImage;
				DEVELOPMENT_TEAM = "";
				INFOPLIST_FILE = LGSideMenuControllerDemo/Info.plist;
				IPHONEOS_DEPLOYMENT_TARGET = 8.0;
				LD_RUNPATH_SEARCH_PATHS = "$(inherited) @executable_path/Frameworks";
				PRODUCT_BUNDLE_IDENTIFIER = com.test.LGSideMenuControllerDemo;
				PRODUCT_NAME = "$(TARGET_NAME)";
				TARGETED_DEVICE_FAMILY = "1,2";
			};
			name = Release;
		};
/* End XCBuildConfiguration section */

/* Begin XCConfigurationList section */
		4A5888B01AE9489E004AFC57 /* Build configuration list for PBXProject "LGSideMenuControllerDemo" */ = {
			isa = XCConfigurationList;
			buildConfigurations = (
				4A5888D61AE9489E004AFC57 /* Debug */,
				4A5888D71AE9489E004AFC57 /* Release */,
			);
			defaultConfigurationIsVisible = 0;
			defaultConfigurationName = Release;
		};
		4A5888D81AE9489E004AFC57 /* Build configuration list for PBXNativeTarget "LGSideMenuControllerDemo" */ = {
			isa = XCConfigurationList;
			buildConfigurations = (
				4A5888D91AE9489E004AFC57 /* Debug */,
				4A5888DA1AE9489E004AFC57 /* Release */,
			);
			defaultConfigurationIsVisible = 0;
			defaultConfigurationName = Release;
		};
/* End XCConfigurationList section */
	};
	rootObject = 4A5888AD1AE9489E004AFC57 /* Project object */;
}
