// !$*UTF8*$!
{
	archiveVersion = 1;
	classes = {
	};
	objectVersion = 46;
	objects = {

/* Begin PBXBuildFile section */
		4A04FACA1E894C92000E90AB /* LaunchScreen.storyboard in Resources */ = {isa = PBXBuildFile; fileRef = 4A04FAC91E894C92000E90AB /* LaunchScreen.storyboard */; };
		D9070B3E25EE8273003F14B8 /* LGSideMenuStatusBarBackgroundView.swift in Sources */ = {isa = PBXBuildFile; fileRef = D9070B3D25EE8273003F14B8 /* LGSideMenuStatusBarBackgroundView.swift */; };
		D9201FEE25DF2D3500E49A71 /* Helper.swift in Sources */ = {isa = PBXBuildFile; fileRef = D9201FED25DF2D3500E49A71 /* Helper.swift */; };
		D92677BF25F913E9005095B1 /* RightViewCellHeaderView.swift in Sources */ = {isa = PBXBuildFile; fileRef = D92677BE25F913E9005095B1 /* RightViewCellHeaderView.swift */; };
		D92677C225F9144A005095B1 /* InsideNavigationController.storyboard in Resources */ = {isa = PBXBuildFile; fileRef = D92677B825F9125F005095B1 /* InsideNavigationController.storyboard */; };
		D929A46326038DDC00122DE2 /* RootViewControllerWithTextLabel.swift in Sources */ = {isa = PBXBuildFile; fileRef = D929A46226038DDC00122DE2 /* RootViewControllerWithTextLabel.swift */; };
		D929A4772603ABA900122DE2 /* RootViewControllerWithScrollView.swift in Sources */ = {isa = PBXBuildFile; fileRef = D929A4762603ABA900122DE2 /* RootViewControllerWithScrollView.swift */; };
		D938FAEC25ED497200887D87 /* LGSideMenuBackgroundShadowView.swift in Sources */ = {isa = PBXBuildFile; fileRef = D938FAEA25ED497100887D87 /* LGSideMenuBackgroundShadowView.swift */; };
		D938FAED25ED497200887D87 /* LGSideMenuBackgroundDecorationView.swift in Sources */ = {isa = PBXBuildFile; fileRef = D938FAEB25ED497200887D87 /* LGSideMenuBackgroundDecorationView.swift */; };
		D93CB7BB25DEDF6200DFD5A7 /* LGSideMenuHelper.swift in Sources */ = {isa = PBXBuildFile; fileRef = D93CB7A225DEDF6200DFD5A7 /* LGSideMenuHelper.swift */; };
		D93CB7BC25DEDF6200DFD5A7 /* LGSideMenuController+LeftViewActions.swift in Sources */ = {isa = PBXBuildFile; fileRef = D93CB7A425DEDF6200DFD5A7 /* LGSideMenuController+LeftViewActions.swift */; };
		D93CB7BD25DEDF6200DFD5A7 /* LGSideMenuController+Callbacks.swift in Sources */ = {isa = PBXBuildFile; fileRef = D93CB7A525DEDF6200DFD5A7 /* LGSideMenuController+Callbacks.swift */; };
		D93CB7BE25DEDF6200DFD5A7 /* LGSideMenuController+GesturesHandler.swift in Sources */ = {isa = PBXBuildFile; fileRef = D93CB7A625DEDF6200DFD5A7 /* LGSideMenuController+GesturesHandler.swift */; };
		D93CB7BF25DEDF6200DFD5A7 /* LGSideMenuController+States.swift in Sources */ = {isa = PBXBuildFile; fileRef = D93CB7A725DEDF6200DFD5A7 /* LGSideMenuController+States.swift */; };
		D93CB7C025DEDF6200DFD5A7 /* LGSideMenuController+RightViewActions.swift in Sources */ = {isa = PBXBuildFile; fileRef = D93CB7A825DEDF6200DFD5A7 /* LGSideMenuController+RightViewActions.swift */; };
		D93CB7C125DEDF6200DFD5A7 /* LGSideMenuController+Layouting.swift in Sources */ = {isa = PBXBuildFile; fileRef = D93CB7A925DEDF6200DFD5A7 /* LGSideMenuController+Layouting.swift */; };
		D93CB7C225DEDF6200DFD5A7 /* LGSideMenuController+Helpers.swift in Sources */ = {isa = PBXBuildFile; fileRef = D93CB7AA25DEDF6200DFD5A7 /* LGSideMenuController+Helpers.swift */; };
		D93CB7C325DEDF6200DFD5A7 /* LGSideMenuController+Rotating.swift in Sources */ = {isa = PBXBuildFile; fileRef = D93CB7AB25DEDF6200DFD5A7 /* LGSideMenuController+Rotating.swift */; };
		D93CB7C425DEDF6200DFD5A7 /* LGSideMenuController+ViewsRemoving.swift in Sources */ = {isa = PBXBuildFile; fileRef = D93CB7AC25DEDF6200DFD5A7 /* LGSideMenuController+ViewsRemoving.swift */; };
		D93CB7C525DEDF6200DFD5A7 /* LGSideMenuController+ValidatingViewsHierarchy.swift in Sources */ = {isa = PBXBuildFile; fileRef = D93CB7AE25DEDF6200DFD5A7 /* LGSideMenuController+ValidatingViewsHierarchy.swift */; };
		D93CB7C625DEDF6200DFD5A7 /* LGSideMenuController+ValidatingViewsStyles.swift in Sources */ = {isa = PBXBuildFile; fileRef = D93CB7AF25DEDF6200DFD5A7 /* LGSideMenuController+ValidatingViewsStyles.swift */; };
		D93CB7C725DEDF6200DFD5A7 /* LGSideMenuController+ValidatingViewsVisibility.swift in Sources */ = {isa = PBXBuildFile; fileRef = D93CB7B025DEDF6200DFD5A7 /* LGSideMenuController+ValidatingViewsVisibility.swift */; };
		D93CB7C925DEDF6200DFD5A7 /* LGSideMenuController+ValidatingViewsFrames.swift in Sources */ = {isa = PBXBuildFile; fileRef = D93CB7B225DEDF6200DFD5A7 /* LGSideMenuController+ValidatingViewsFrames.swift */; };
		D93CB7CA25DEDF6200DFD5A7 /* LGSideMenuController+ValidatingViewsInit.swift in Sources */ = {isa = PBXBuildFile; fileRef = D93CB7B325DEDF6200DFD5A7 /* LGSideMenuController+ValidatingViewsInit.swift */; };
		D93CB7CB25DEDF6200DFD5A7 /* LGSideMenuController+ValidatingViewsTransforms.swift in Sources */ = {isa = PBXBuildFile; fileRef = D93CB7B425DEDF6200DFD5A7 /* LGSideMenuController+ValidatingViewsTransforms.swift */; };
		D93CB7CC25DEDF6200DFD5A7 /* LGSideMenuController+StatusBarHandler.swift in Sources */ = {isa = PBXBuildFile; fileRef = D93CB7B525DEDF6200DFD5A7 /* LGSideMenuController+StatusBarHandler.swift */; };
		D93CB7CD25DEDF6200DFD5A7 /* LGSideMenuDelegate.swift in Sources */ = {isa = PBXBuildFile; fileRef = D93CB7B625DEDF6200DFD5A7 /* LGSideMenuDelegate.swift */; };
		D93CB7CE25DEDF6200DFD5A7 /* UIViewController+LGSideMenuController.swift in Sources */ = {isa = PBXBuildFile; fileRef = D93CB7B725DEDF6200DFD5A7 /* UIViewController+LGSideMenuController.swift */; };
		D93CB7CF25DEDF6200DFD5A7 /* LGSideMenuController.swift in Sources */ = {isa = PBXBuildFile; fileRef = D93CB7B825DEDF6200DFD5A7 /* LGSideMenuController.swift */; };
		D93CB7D025DEDF6200DFD5A7 /* LGSideMenuWrapperView.swift in Sources */ = {isa = PBXBuildFile; fileRef = D93CB7B925DEDF6200DFD5A7 /* LGSideMenuWrapperView.swift */; };
		D942388525DEE94600534976 /* LGSideMenuSegue.swift in Sources */ = {isa = PBXBuildFile; fileRef = D942388425DEE94600534976 /* LGSideMenuSegue.swift */; };
		D942388925DEED1600534976 /* AsContainerForNavigationController.storyboard in Resources */ = {isa = PBXBuildFile; fileRef = D9FEF65D25C93E7C00FDD4FD /* AsContainerForNavigationController.storyboard */; };
		D945412B26270B6700137452 /* RootTabBarController.swift in Sources */ = {isa = PBXBuildFile; fileRef = D945412A26270B6700137452 /* RootTabBarController.swift */; };
		D945412F26270F8C00137452 /* InsideTabBarController.storyboard in Resources */ = {isa = PBXBuildFile; fileRef = D945412E26270F8C00137452 /* InsideTabBarController.storyboard */; };
		D945413226270F9F00137452 /* AsContainerForTabBarController.storyboard in Resources */ = {isa = PBXBuildFile; fileRef = D945413126270F9F00137452 /* AsContainerForTabBarController.storyboard */; };
		D9E57C1425E6FBB000E96E40 /* LGSideMenuController+ValidatingUserInteraction.swift in Sources */ = {isa = PBXBuildFile; fileRef = D9E57C1325E6FBAF00E96E40 /* LGSideMenuController+ValidatingUserInteraction.swift */; };
		D9FCBDAD25F1183A0085EBC9 /* Assets.xcassets in Resources */ = {isa = PBXBuildFile; fileRef = D9FCBDAC25F1183A0085EBC9 /* Assets.xcassets */; };
		D9FCBDC425F2226F0085EBC9 /* AppDelegate.swift in Sources */ = {isa = PBXBuildFile; fileRef = D9FCBDC325F2226F0085EBC9 /* AppDelegate.swift */; };
		D9FCBDDA25F223B70085EBC9 /* DemoEntries.swift in Sources */ = {isa = PBXBuildFile; fileRef = D9FCBDD925F223B70085EBC9 /* DemoEntries.swift */; };
		D9FCBE0725F276120085EBC9 /* ChooseNavigationController.swift in Sources */ = {isa = PBXBuildFile; fileRef = D9FCBE0425F276120085EBC9 /* ChooseNavigationController.swift */; };
		D9FCBE0825F276120085EBC9 /* ChooseTableViewController.swift in Sources */ = {isa = PBXBuildFile; fileRef = D9FCBE0525F276120085EBC9 /* ChooseTableViewController.swift */; };
		D9FCBE0925F276120085EBC9 /* Choose.storyboard in Resources */ = {isa = PBXBuildFile; fileRef = D9FCBE0625F276120085EBC9 /* Choose.storyboard */; };
		D9FCBE0D25F2761D0085EBC9 /* MainViewController.swift in Sources */ = {isa = PBXBuildFile; fileRef = D9FCBE0C25F2761C0085EBC9 /* MainViewController.swift */; };
		D9FCBE1325F276240085EBC9 /* RootViewControllerWithTableView.swift in Sources */ = {isa = PBXBuildFile; fileRef = D9FCBE1025F276240085EBC9 /* RootViewControllerWithTableView.swift */; };
		D9FCBE1425F276240085EBC9 /* RootViewController.swift in Sources */ = {isa = PBXBuildFile; fileRef = D9FCBE1125F276240085EBC9 /* RootViewController.swift */; };
		D9FCBE1525F276240085EBC9 /* RootNavigationController.swift in Sources */ = {isa = PBXBuildFile; fileRef = D9FCBE1225F276240085EBC9 /* RootNavigationController.swift */; };
		D9FCBE1B25F2762E0085EBC9 /* LeftViewCellBackgroundView.swift in Sources */ = {isa = PBXBuildFile; fileRef = D9FCBE1825F2762E0085EBC9 /* LeftViewCellBackgroundView.swift */; };
		D9FCBE1C25F2762E0085EBC9 /* LeftViewCell.swift in Sources */ = {isa = PBXBuildFile; fileRef = D9FCBE1925F2762E0085EBC9 /* LeftViewCell.swift */; };
		D9FCBE1D25F2762E0085EBC9 /* LeftViewController.swift in Sources */ = {isa = PBXBuildFile; fileRef = D9FCBE1A25F2762E0085EBC9 /* LeftViewController.swift */; };
		D9FCBE2125F276370085EBC9 /* RightViewController.swift in Sources */ = {isa = PBXBuildFile; fileRef = D9FCBE1F25F276370085EBC9 /* RightViewController.swift */; };
		D9FCBE2225F276370085EBC9 /* RightViewCell.swift in Sources */ = {isa = PBXBuildFile; fileRef = D9FCBE2025F276370085EBC9 /* RightViewCell.swift */; };
/* End PBXBuildFile section */

/* Begin PBXFileReference section */
		4A04FAC91E894C92000E90AB /* LaunchScreen.storyboard */ = {isa = PBXFileReference; fileEncoding = 4; lastKnownFileType = file.storyboard; name = LaunchScreen.storyboard; path = ../../_shared_files/LaunchScreen.storyboard; sourceTree = "<group>"; };
		D9070B3D25EE8273003F14B8 /* LGSideMenuStatusBarBackgroundView.swift */ = {isa = PBXFileReference; fileEncoding = 4; lastKnownFileType = sourcecode.swift; path = LGSideMenuStatusBarBackgroundView.swift; sourceTree = "<group>"; };
		D9201FED25DF2D3500E49A71 /* Helper.swift */ = {isa = PBXFileReference; fileEncoding = 4; lastKnownFileType = sourcecode.swift; name = Helper.swift; path = ../../_shared_files/Helper.swift; sourceTree = "<group>"; };
		D92677B825F9125F005095B1 /* InsideNavigationController.storyboard */ = {isa = PBXFileReference; lastKnownFileType = file.storyboard; path = InsideNavigationController.storyboard; sourceTree = "<group>"; };
		D92677BE25F913E9005095B1 /* RightViewCellHeaderView.swift */ = {isa = PBXFileReference; fileEncoding = 4; lastKnownFileType = sourcecode.swift; name = RightViewCellHeaderView.swift; path = ../../_shared_files/SideMenuController/RightViewController/RightViewCellHeaderView.swift; sourceTree = "<group>"; };
		D929A46226038DDC00122DE2 /* RootViewControllerWithTextLabel.swift */ = {isa = PBXFileReference; fileEncoding = 4; lastKnownFileType = sourcecode.swift; name = RootViewControllerWithTextLabel.swift; path = ../../_shared_files/SideMenuController/RootViewController/RootViewControllerWithTextLabel.swift; sourceTree = "<group>"; };
		D929A4762603ABA900122DE2 /* RootViewControllerWithScrollView.swift */ = {isa = PBXFileReference; fileEncoding = 4; lastKnownFileType = sourcecode.swift; name = RootViewControllerWithScrollView.swift; path = ../../_shared_files/SideMenuController/RootViewController/RootViewControllerWithScrollView.swift; sourceTree = "<group>"; };
		D938FAEA25ED497100887D87 /* LGSideMenuBackgroundShadowView.swift */ = {isa = PBXFileReference; fileEncoding = 4; lastKnownFileType = sourcecode.swift; path = LGSideMenuBackgroundShadowView.swift; sourceTree = "<group>"; };
		D938FAEB25ED497200887D87 /* LGSideMenuBackgroundDecorationView.swift */ = {isa = PBXFileReference; fileEncoding = 4; lastKnownFileType = sourcecode.swift; path = LGSideMenuBackgroundDecorationView.swift; sourceTree = "<group>"; };
		D93CB7A225DEDF6200DFD5A7 /* LGSideMenuHelper.swift */ = {isa = PBXFileReference; fileEncoding = 4; lastKnownFileType = sourcecode.swift; path = LGSideMenuHelper.swift; sourceTree = "<group>"; };
		D93CB7A425DEDF6200DFD5A7 /* LGSideMenuController+LeftViewActions.swift */ = {isa = PBXFileReference; fileEncoding = 4; lastKnownFileType = sourcecode.swift; path = "LGSideMenuController+LeftViewActions.swift"; sourceTree = "<group>"; };
		D93CB7A525DEDF6200DFD5A7 /* LGSideMenuController+Callbacks.swift */ = {isa = PBXFileReference; fileEncoding = 4; lastKnownFileType = sourcecode.swift; path = "LGSideMenuController+Callbacks.swift"; sourceTree = "<group>"; };
		D93CB7A625DEDF6200DFD5A7 /* LGSideMenuController+GesturesHandler.swift */ = {isa = PBXFileReference; fileEncoding = 4; lastKnownFileType = sourcecode.swift; path = "LGSideMenuController+GesturesHandler.swift"; sourceTree = "<group>"; };
		D93CB7A725DEDF6200DFD5A7 /* LGSideMenuController+States.swift */ = {isa = PBXFileReference; fileEncoding = 4; lastKnownFileType = sourcecode.swift; path = "LGSideMenuController+States.swift"; sourceTree = "<group>"; };
		D93CB7A825DEDF6200DFD5A7 /* LGSideMenuController+RightViewActions.swift */ = {isa = PBXFileReference; fileEncoding = 4; lastKnownFileType = sourcecode.swift; path = "LGSideMenuController+RightViewActions.swift"; sourceTree = "<group>"; };
		D93CB7A925DEDF6200DFD5A7 /* LGSideMenuController+Layouting.swift */ = {isa = PBXFileReference; fileEncoding = 4; lastKnownFileType = sourcecode.swift; path = "LGSideMenuController+Layouting.swift"; sourceTree = "<group>"; };
		D93CB7AA25DEDF6200DFD5A7 /* LGSideMenuController+Helpers.swift */ = {isa = PBXFileReference; fileEncoding = 4; lastKnownFileType = sourcecode.swift; path = "LGSideMenuController+Helpers.swift"; sourceTree = "<group>"; };
		D93CB7AB25DEDF6200DFD5A7 /* LGSideMenuController+Rotating.swift */ = {isa = PBXFileReference; fileEncoding = 4; lastKnownFileType = sourcecode.swift; path = "LGSideMenuController+Rotating.swift"; sourceTree = "<group>"; };
		D93CB7AC25DEDF6200DFD5A7 /* LGSideMenuController+ViewsRemoving.swift */ = {isa = PBXFileReference; fileEncoding = 4; lastKnownFileType = sourcecode.swift; path = "LGSideMenuController+ViewsRemoving.swift"; sourceTree = "<group>"; };
		D93CB7AE25DEDF6200DFD5A7 /* LGSideMenuController+ValidatingViewsHierarchy.swift */ = {isa = PBXFileReference; fileEncoding = 4; lastKnownFileType = sourcecode.swift; path = "LGSideMenuController+ValidatingViewsHierarchy.swift"; sourceTree = "<group>"; };
		D93CB7AF25DEDF6200DFD5A7 /* LGSideMenuController+ValidatingViewsStyles.swift */ = {isa = PBXFileReference; fileEncoding = 4; lastKnownFileType = sourcecode.swift; path = "LGSideMenuController+ValidatingViewsStyles.swift"; sourceTree = "<group>"; };
		D93CB7B025DEDF6200DFD5A7 /* LGSideMenuController+ValidatingViewsVisibility.swift */ = {isa = PBXFileReference; fileEncoding = 4; lastKnownFileType = sourcecode.swift; path = "LGSideMenuController+ValidatingViewsVisibility.swift"; sourceTree = "<group>"; };
		D93CB7B225DEDF6200DFD5A7 /* LGSideMenuController+ValidatingViewsFrames.swift */ = {isa = PBXFileReference; fileEncoding = 4; lastKnownFileType = sourcecode.swift; path = "LGSideMenuController+ValidatingViewsFrames.swift"; sourceTree = "<group>"; };
		D93CB7B325DEDF6200DFD5A7 /* LGSideMenuController+ValidatingViewsInit.swift */ = {isa = PBXFileReference; fileEncoding = 4; lastKnownFileType = sourcecode.swift; path = "LGSideMenuController+ValidatingViewsInit.swift"; sourceTree = "<group>"; };
		D93CB7B425DEDF6200DFD5A7 /* LGSideMenuController+ValidatingViewsTransforms.swift */ = {isa = PBXFileReference; fileEncoding = 4; lastKnownFileType = sourcecode.swift; path = "LGSideMenuController+ValidatingViewsTransforms.swift"; sourceTree = "<group>"; };
		D93CB7B525DEDF6200DFD5A7 /* LGSideMenuController+StatusBarHandler.swift */ = {isa = PBXFileReference; fileEncoding = 4; lastKnownFileType = sourcecode.swift; path = "LGSideMenuController+StatusBarHandler.swift"; sourceTree = "<group>"; };
		D93CB7B625DEDF6200DFD5A7 /* LGSideMenuDelegate.swift */ = {isa = PBXFileReference; fileEncoding = 4; lastKnownFileType = sourcecode.swift; path = LGSideMenuDelegate.swift; sourceTree = "<group>"; };
		D93CB7B725DEDF6200DFD5A7 /* UIViewController+LGSideMenuController.swift */ = {isa = PBXFileReference; fileEncoding = 4; lastKnownFileType = sourcecode.swift; path = "UIViewController+LGSideMenuController.swift"; sourceTree = "<group>"; };
		D93CB7B825DEDF6200DFD5A7 /* LGSideMenuController.swift */ = {isa = PBXFileReference; fileEncoding = 4; lastKnownFileType = sourcecode.swift; path = LGSideMenuController.swift; sourceTree = "<group>"; };
		D93CB7B925DEDF6200DFD5A7 /* LGSideMenuWrapperView.swift */ = {isa = PBXFileReference; fileEncoding = 4; lastKnownFileType = sourcecode.swift; path = LGSideMenuWrapperView.swift; sourceTree = "<group>"; };
		D942388425DEE94600534976 /* LGSideMenuSegue.swift */ = {isa = PBXFileReference; lastKnownFileType = sourcecode.swift; path = LGSideMenuSegue.swift; sourceTree = "<group>"; };
		D945412A26270B6700137452 /* RootTabBarController.swift */ = {isa = PBXFileReference; fileEncoding = 4; lastKnownFileType = sourcecode.swift; name = RootTabBarController.swift; path = ../../_shared_files/SideMenuController/RootViewController/RootTabBarController.swift; sourceTree = "<group>"; };
		D945412E26270F8C00137452 /* InsideTabBarController.storyboard */ = {isa = PBXFileReference; fileEncoding = 4; lastKnownFileType = file.storyboard; path = InsideTabBarController.storyboard; sourceTree = "<group>"; };
		D945413126270F9F00137452 /* AsContainerForTabBarController.storyboard */ = {isa = PBXFileReference; fileEncoding = 4; lastKnownFileType = file.storyboard; path = AsContainerForTabBarController.storyboard; sourceTree = "<group>"; };
		D9E57C1325E6FBAF00E96E40 /* LGSideMenuController+ValidatingUserInteraction.swift */ = {isa = PBXFileReference; fileEncoding = 4; lastKnownFileType = sourcecode.swift; path = "LGSideMenuController+ValidatingUserInteraction.swift"; sourceTree = "<group>"; };
		D9FCBDAC25F1183A0085EBC9 /* Assets.xcassets */ = {isa = PBXFileReference; lastKnownFileType = folder.assetcatalog; name = Assets.xcassets; path = ../../_shared_files/Assets.xcassets; sourceTree = "<group>"; };
		D9FCBDC325F2226F0085EBC9 /* AppDelegate.swift */ = {isa = PBXFileReference; fileEncoding = 4; lastKnownFileType = sourcecode.swift; name = AppDelegate.swift; path = ../../_shared_files/AppDelegate.swift; sourceTree = "<group>"; };
		D9FCBDD925F223B70085EBC9 /* DemoEntries.swift */ = {isa = PBXFileReference; fileEncoding = 4; lastKnownFileType = sourcecode.swift; name = DemoEntries.swift; path = ../../_shared_files/DemoEntries.swift; sourceTree = "<group>"; };
		D9FCBE0425F276120085EBC9 /* ChooseNavigationController.swift */ = {isa = PBXFileReference; fileEncoding = 4; lastKnownFileType = sourcecode.swift; name = ChooseNavigationController.swift; path = ../../_shared_files/ChooseViewController/ChooseNavigationController.swift; sourceTree = "<group>"; };
		D9FCBE0525F276120085EBC9 /* ChooseTableViewController.swift */ = {isa = PBXFileReference; fileEncoding = 4; lastKnownFileType = sourcecode.swift; name = ChooseTableViewController.swift; path = ../../_shared_files/ChooseViewController/ChooseTableViewController.swift; sourceTree = "<group>"; };
		D9FCBE0625F276120085EBC9 /* Choose.storyboard */ = {isa = PBXFileReference; fileEncoding = 4; lastKnownFileType = file.storyboard; name = Choose.storyboard; path = ../../_shared_files/ChooseViewController/Choose.storyboard; sourceTree = "<group>"; };
		D9FCBE0C25F2761C0085EBC9 /* MainViewController.swift */ = {isa = PBXFileReference; fileEncoding = 4; lastKnownFileType = sourcecode.swift; name = MainViewController.swift; path = ../../_shared_files/SideMenuController/MainViewController.swift; sourceTree = "<group>"; };
		D9FCBE1025F276240085EBC9 /* RootViewControllerWithTableView.swift */ = {isa = PBXFileReference; fileEncoding = 4; lastKnownFileType = sourcecode.swift; name = RootViewControllerWithTableView.swift; path = ../../_shared_files/SideMenuController/RootViewController/RootViewControllerWithTableView.swift; sourceTree = "<group>"; };
		D9FCBE1125F276240085EBC9 /* RootViewController.swift */ = {isa = PBXFileReference; fileEncoding = 4; lastKnownFileType = sourcecode.swift; name = RootViewController.swift; path = ../../_shared_files/SideMenuController/RootViewController/RootViewController.swift; sourceTree = "<group>"; };
		D9FCBE1225F276240085EBC9 /* RootNavigationController.swift */ = {isa = PBXFileReference; fileEncoding = 4; lastKnownFileType = sourcecode.swift; name = RootNavigationController.swift; path = ../../_shared_files/SideMenuController/RootViewController/RootNavigationController.swift; sourceTree = "<group>"; };
		D9FCBE1825F2762E0085EBC9 /* LeftViewCellBackgroundView.swift */ = {isa = PBXFileReference; fileEncoding = 4; lastKnownFileType = sourcecode.swift; name = LeftViewCellBackgroundView.swift; path = ../../_shared_files/SideMenuController/LeftViewController/LeftViewCellBackgroundView.swift; sourceTree = "<group>"; };
		D9FCBE1925F2762E0085EBC9 /* LeftViewCell.swift */ = {isa = PBXFileReference; fileEncoding = 4; lastKnownFileType = sourcecode.swift; name = LeftViewCell.swift; path = ../../_shared_files/SideMenuController/LeftViewController/LeftViewCell.swift; sourceTree = "<group>"; };
		D9FCBE1A25F2762E0085EBC9 /* LeftViewController.swift */ = {isa = PBXFileReference; fileEncoding = 4; lastKnownFileType = sourcecode.swift; name = LeftViewController.swift; path = ../../_shared_files/SideMenuController/LeftViewController/LeftViewController.swift; sourceTree = "<group>"; };
		D9FCBE1F25F276370085EBC9 /* RightViewController.swift */ = {isa = PBXFileReference; fileEncoding = 4; lastKnownFileType = sourcecode.swift; name = RightViewController.swift; path = ../../_shared_files/SideMenuController/RightViewController/RightViewController.swift; sourceTree = "<group>"; };
		D9FCBE2025F276370085EBC9 /* RightViewCell.swift */ = {isa = PBXFileReference; fileEncoding = 4; lastKnownFileType = sourcecode.swift; name = RightViewCell.swift; path = ../../_shared_files/SideMenuController/RightViewController/RightViewCell.swift; sourceTree = "<group>"; };
		D9FEF65D25C93E7C00FDD4FD /* AsContainerForNavigationController.storyboard */ = {isa = PBXFileReference; fileEncoding = 4; lastKnownFileType = file.storyboard; path = AsContainerForNavigationController.storyboard; sourceTree = "<group>"; };
		EDE7950C1D45B7A1002930CA /* LGSideMenuControllerDemo.app */ = {isa = PBXFileReference; explicitFileType = wrapper.application; includeInIndex = 0; path = LGSideMenuControllerDemo.app; sourceTree = BUILT_PRODUCTS_DIR; };
		EDE7951B1D45B7A1002930CA /* Info.plist */ = {isa = PBXFileReference; lastKnownFileType = text.plist.xml; path = Info.plist; sourceTree = "<group>"; };
/* End PBXFileReference section */

/* Begin PBXFrameworksBuildPhase section */
		EDE795091D45B7A1002930CA /* Frameworks */ = {
			isa = PBXFrameworksBuildPhase;
			buildActionMask = 2147483647;
			files = (
			);
			runOnlyForDeploymentPostprocessing = 0;
		};
/* End PBXFrameworksBuildPhase section */

/* Begin PBXGroup section */
		4A7BF8F21E01BC3400C6A9D4 /* Root View Controller */ = {
			isa = PBXGroup;
			children = (
				D9FCBE1225F276240085EBC9 /* RootNavigationController.swift */,
				D945412A26270B6700137452 /* RootTabBarController.swift */,
				D9FCBE1125F276240085EBC9 /* RootViewController.swift */,
				D929A4762603ABA900122DE2 /* RootViewControllerWithScrollView.swift */,
				D9FCBE1025F276240085EBC9 /* RootViewControllerWithTableView.swift */,
				D929A46226038DDC00122DE2 /* RootViewControllerWithTextLabel.swift */,
			);
			name = "Root View Controller";
			sourceTree = "<group>";
		};
		D93CB7A025DEDF6200DFD5A7 /* LGSideMenuController */ = {
			isa = PBXGroup;
			children = (
				D93CB7A325DEDF6200DFD5A7 /* Extensions */,
				D93CB7B825DEDF6200DFD5A7 /* LGSideMenuController.swift */,
				D93CB7A225DEDF6200DFD5A7 /* LGSideMenuHelper.swift */,
				D93CB7B925DEDF6200DFD5A7 /* LGSideMenuWrapperView.swift */,
				D938FAEB25ED497200887D87 /* LGSideMenuBackgroundDecorationView.swift */,
				D938FAEA25ED497100887D87 /* LGSideMenuBackgroundShadowView.swift */,
				D9070B3D25EE8273003F14B8 /* LGSideMenuStatusBarBackgroundView.swift */,
				D93CB7B625DEDF6200DFD5A7 /* LGSideMenuDelegate.swift */,
				D942388425DEE94600534976 /* LGSideMenuSegue.swift */,
				D93CB7B725DEDF6200DFD5A7 /* UIViewController+LGSideMenuController.swift */,
			);
			name = LGSideMenuController;
			path = ../../LGSideMenuController;
			sourceTree = "<group>";
		};
		D93CB7A325DEDF6200DFD5A7 /* Extensions */ = {
			isa = PBXGroup;
			children = (
				D93CB7AD25DEDF6200DFD5A7 /* Validators */,
				D93CB7A925DEDF6200DFD5A7 /* LGSideMenuController+Layouting.swift */,
				D93CB7B525DEDF6200DFD5A7 /* LGSideMenuController+StatusBarHandler.swift */,
				D93CB7A625DEDF6200DFD5A7 /* LGSideMenuController+GesturesHandler.swift */,
				D93CB7AB25DEDF6200DFD5A7 /* LGSideMenuController+Rotating.swift */,
				D93CB7A425DEDF6200DFD5A7 /* LGSideMenuController+LeftViewActions.swift */,
				D93CB7A825DEDF6200DFD5A7 /* LGSideMenuController+RightViewActions.swift */,
				D93CB7AC25DEDF6200DFD5A7 /* LGSideMenuController+ViewsRemoving.swift */,
				D93CB7A525DEDF6200DFD5A7 /* LGSideMenuController+Callbacks.swift */,
				D93CB7A725DEDF6200DFD5A7 /* LGSideMenuController+States.swift */,
				D93CB7AA25DEDF6200DFD5A7 /* LGSideMenuController+Helpers.swift */,
			);
			path = Extensions;
			sourceTree = "<group>";
		};
		D93CB7AD25DEDF6200DFD5A7 /* Validators */ = {
			isa = PBXGroup;
			children = (
				D93CB7B325DEDF6200DFD5A7 /* LGSideMenuController+ValidatingViewsInit.swift */,
				D9E57C1325E6FBAF00E96E40 /* LGSideMenuController+ValidatingUserInteraction.swift */,
				D93CB7AE25DEDF6200DFD5A7 /* LGSideMenuController+ValidatingViewsHierarchy.swift */,
				D93CB7B225DEDF6200DFD5A7 /* LGSideMenuController+ValidatingViewsFrames.swift */,
				D93CB7AF25DEDF6200DFD5A7 /* LGSideMenuController+ValidatingViewsStyles.swift */,
				D93CB7B425DEDF6200DFD5A7 /* LGSideMenuController+ValidatingViewsTransforms.swift */,
				D93CB7B025DEDF6200DFD5A7 /* LGSideMenuController+ValidatingViewsVisibility.swift */,
			);
			path = Validators;
			sourceTree = "<group>";
		};
		EDE795031D45B7A1002930CA = {
			isa = PBXGroup;
			children = (
				D93CB7A025DEDF6200DFD5A7 /* LGSideMenuController */,
				EDE7950E1D45B7A1002930CA /* LGSideMenuControllerDemo */,
				EDE7950D1D45B7A1002930CA /* Products */,
			);
			sourceTree = "<group>";
		};
		EDE7950D1D45B7A1002930CA /* Products */ = {
			isa = PBXGroup;
			children = (
				EDE7950C1D45B7A1002930CA /* LGSideMenuControllerDemo.app */,
			);
			name = Products;
			sourceTree = "<group>";
		};
		EDE7950E1D45B7A1002930CA /* LGSideMenuControllerDemo */ = {
			isa = PBXGroup;
			children = (
				D9FCBDC325F2226F0085EBC9 /* AppDelegate.swift */,
				D9201FED25DF2D3500E49A71 /* Helper.swift */,
				D9FCBDD925F223B70085EBC9 /* DemoEntries.swift */,
				EDE795251D45B845002930CA /* Choose View Controller */,
				EDE7952C1D45BA5C002930CA /* Side Menu Controller */,
				D9FCBDAC25F1183A0085EBC9 /* Assets.xcassets */,
				4A04FAC91E894C92000E90AB /* LaunchScreen.storyboard */,
				EDE7951B1D45B7A1002930CA /* Info.plist */,
			);
			path = LGSideMenuControllerDemo;
			sourceTree = "<group>";
		};
		EDE795251D45B845002930CA /* Choose View Controller */ = {
			isa = PBXGroup;
			children = (
				D9FCBE0625F276120085EBC9 /* Choose.storyboard */,
				D9FCBE0425F276120085EBC9 /* ChooseNavigationController.swift */,
				D9FCBE0525F276120085EBC9 /* ChooseTableViewController.swift */,
			);
			name = "Choose View Controller";
			sourceTree = "<group>";
		};
		EDE7952C1D45BA5C002930CA /* Side Menu Controller */ = {
			isa = PBXGroup;
			children = (
				D9FEF65D25C93E7C00FDD4FD /* AsContainerForNavigationController.storyboard */,
				D92677B825F9125F005095B1 /* InsideNavigationController.storyboard */,
				D945413126270F9F00137452 /* AsContainerForTabBarController.storyboard */,
				D945412E26270F8C00137452 /* InsideTabBarController.storyboard */,
				D9FCBE0C25F2761C0085EBC9 /* MainViewController.swift */,
				4A7BF8F21E01BC3400C6A9D4 /* Root View Controller */,
				EDE7952E1D45BA70002930CA /* Left View Controller */,
				EDE7952D1D45BA6B002930CA /* Right View Controller */,
			);
			name = "Side Menu Controller";
			sourceTree = "<group>";
		};
		EDE7952D1D45BA6B002930CA /* Right View Controller */ = {
			isa = PBXGroup;
			children = (
				D9FCBE1F25F276370085EBC9 /* RightViewController.swift */,
				D9FCBE2025F276370085EBC9 /* RightViewCell.swift */,
				D92677BE25F913E9005095B1 /* RightViewCellHeaderView.swift */,
			);
			name = "Right View Controller";
			sourceTree = "<group>";
		};
		EDE7952E1D45BA70002930CA /* Left View Controller */ = {
			isa = PBXGroup;
			children = (
				D9FCBE1A25F2762E0085EBC9 /* LeftViewController.swift */,
				D9FCBE1925F2762E0085EBC9 /* LeftViewCell.swift */,
				D9FCBE1825F2762E0085EBC9 /* LeftViewCellBackgroundView.swift */,
			);
			name = "Left View Controller";
			sourceTree = "<group>";
		};
/* End PBXGroup section */

/* Begin PBXNativeTarget section */
		EDE7950B1D45B7A1002930CA /* LGSideMenuControllerDemo */ = {
			isa = PBXNativeTarget;
			buildConfigurationList = EDE7951E1D45B7A1002930CA /* Build configuration list for PBXNativeTarget "LGSideMenuControllerDemo" */;
			buildPhases = (
				EDE795081D45B7A1002930CA /* Sources */,
				EDE795091D45B7A1002930CA /* Frameworks */,
				EDE7950A1D45B7A1002930CA /* Resources */,
			);
			buildRules = (
			);
			dependencies = (
			);
			name = LGSideMenuControllerDemo;
			productName = LGSideMenuControllerDemo;
			productReference = EDE7950C1D45B7A1002930CA /* LGSideMenuControllerDemo.app */;
			productType = "com.apple.product-type.application";
		};
/* End PBXNativeTarget section */

/* Begin PBXProject section */
		EDE795041D45B7A1002930CA /* Project object */ = {
			isa = PBXProject;
			attributes = {
				LastSwiftUpdateCheck = 0730;
				LastUpgradeCheck = 1240;
				ORGANIZATIONNAME = "Cole Dunsby";
				TargetAttributes = {
					EDE7950B1D45B7A1002930CA = {
						CreatedOnToolsVersion = 7.3.1;
						LastSwiftMigration = 1240;
					};
				};
			};
			buildConfigurationList = EDE795071D45B7A1002930CA /* Build configuration list for PBXProject "LGSideMenuControllerDemo" */;
			compatibilityVersion = "Xcode 3.2";
			developmentRegion = en;
			hasScannedForEncodings = 0;
			knownRegions = (
				en,
				Base,
			);
			mainGroup = EDE795031D45B7A1002930CA;
			productRefGroup = EDE7950D1D45B7A1002930CA /* Products */;
			projectDirPath = "";
			projectRoot = "";
			targets = (
				EDE7950B1D45B7A1002930CA /* LGSideMenuControllerDemo */,
			);
		};
/* End PBXProject section */

/* Begin PBXResourcesBuildPhase section */
		EDE7950A1D45B7A1002930CA /* Resources */ = {
			isa = PBXResourcesBuildPhase;
			buildActionMask = 2147483647;
			files = (
				D9FCBE0925F276120085EBC9 /* Choose.storyboard in Resources */,
				D945413226270F9F00137452 /* AsContainerForTabBarController.storyboard in Resources */,
				D942388925DEED1600534976 /* AsContainerForNavigationController.storyboard in Resources */,
				D92677C225F9144A005095B1 /* InsideNavigationController.storyboard in Resources */,
				4A04FACA1E894C92000E90AB /* LaunchScreen.storyboard in Resources */,
				D945412F26270F8C00137452 /* InsideTabBarController.storyboard in Resources */,
				D9FCBDAD25F1183A0085EBC9 /* Assets.xcassets in Resources */,
			);
			runOnlyForDeploymentPostprocessing = 0;
		};
/* End PBXResourcesBuildPhase section */

/* Begin PBXSourcesBuildPhase section */
		EDE795081D45B7A1002930CA /* Sources */ = {
			isa = PBXSourcesBuildPhase;
			buildActionMask = 2147483647;
			files = (
				D9FCBE2125F276370085EBC9 /* RightViewController.swift in Sources */,
				D93CB7C625DEDF6200DFD5A7 /* LGSideMenuController+ValidatingViewsStyles.swift in Sources */,
				D93CB7C525DEDF6200DFD5A7 /* LGSideMenuController+ValidatingViewsHierarchy.swift in Sources */,
				D9FCBE1525F276240085EBC9 /* RootNavigationController.swift in Sources */,
				D93CB7C125DEDF6200DFD5A7 /* LGSideMenuController+Layouting.swift in Sources */,
				D93CB7CF25DEDF6200DFD5A7 /* LGSideMenuController.swift in Sources */,
				D9FCBE1B25F2762E0085EBC9 /* LeftViewCellBackgroundView.swift in Sources */,
				D93CB7C725DEDF6200DFD5A7 /* LGSideMenuController+ValidatingViewsVisibility.swift in Sources */,
				D938FAED25ED497200887D87 /* LGSideMenuBackgroundDecorationView.swift in Sources */,
				D9E57C1425E6FBB000E96E40 /* LGSideMenuController+ValidatingUserInteraction.swift in Sources */,
				D92677BF25F913E9005095B1 /* RightViewCellHeaderView.swift in Sources */,
				D9FCBE1425F276240085EBC9 /* RootViewController.swift in Sources */,
				D9FCBE0825F276120085EBC9 /* ChooseTableViewController.swift in Sources */,
				D9070B3E25EE8273003F14B8 /* LGSideMenuStatusBarBackgroundView.swift in Sources */,
				D929A46326038DDC00122DE2 /* RootViewControllerWithTextLabel.swift in Sources */,
				D938FAEC25ED497200887D87 /* LGSideMenuBackgroundShadowView.swift in Sources */,
				D93CB7CA25DEDF6200DFD5A7 /* LGSideMenuController+ValidatingViewsInit.swift in Sources */,
				D93CB7BB25DEDF6200DFD5A7 /* LGSideMenuHelper.swift in Sources */,
				D93CB7BE25DEDF6200DFD5A7 /* LGSideMenuController+GesturesHandler.swift in Sources */,
				D93CB7BF25DEDF6200DFD5A7 /* LGSideMenuController+States.swift in Sources */,
				D9FCBE1325F276240085EBC9 /* RootViewControllerWithTableView.swift in Sources */,
				D945412B26270B6700137452 /* RootTabBarController.swift in Sources */,
				D929A4772603ABA900122DE2 /* RootViewControllerWithScrollView.swift in Sources */,
				D93CB7CC25DEDF6200DFD5A7 /* LGSideMenuController+StatusBarHandler.swift in Sources */,
				D93CB7C925DEDF6200DFD5A7 /* LGSideMenuController+ValidatingViewsFrames.swift in Sources */,
				D9FCBDC425F2226F0085EBC9 /* AppDelegate.swift in Sources */,
				D93CB7C325DEDF6200DFD5A7 /* LGSideMenuController+Rotating.swift in Sources */,
				D9FCBDDA25F223B70085EBC9 /* DemoEntries.swift in Sources */,
				D9FCBE0725F276120085EBC9 /* ChooseNavigationController.swift in Sources */,
				D93CB7BD25DEDF6200DFD5A7 /* LGSideMenuController+Callbacks.swift in Sources */,
				D9FCBE1C25F2762E0085EBC9 /* LeftViewCell.swift in Sources */,
				D9FCBE2225F276370085EBC9 /* RightViewCell.swift in Sources */,
				D9201FEE25DF2D3500E49A71 /* Helper.swift in Sources */,
				D942388525DEE94600534976 /* LGSideMenuSegue.swift in Sources */,
				D93CB7CB25DEDF6200DFD5A7 /* LGSideMenuController+ValidatingViewsTransforms.swift in Sources */,
				D9FCBE1D25F2762E0085EBC9 /* LeftViewController.swift in Sources */,
				D93CB7CE25DEDF6200DFD5A7 /* UIViewController+LGSideMenuController.swift in Sources */,
				D93CB7CD25DEDF6200DFD5A7 /* LGSideMenuDelegate.swift in Sources */,
				D93CB7C025DEDF6200DFD5A7 /* LGSideMenuController+RightViewActions.swift in Sources */,
				D93CB7C225DEDF6200DFD5A7 /* LGSideMenuController+Helpers.swift in Sources */,
				D93CB7D025DEDF6200DFD5A7 /* LGSideMenuWrapperView.swift in Sources */,
				D93CB7C425DEDF6200DFD5A7 /* LGSideMenuController+ViewsRemoving.swift in Sources */,
				D93CB7BC25DEDF6200DFD5A7 /* LGSideMenuController+LeftViewActions.swift in Sources */,
				D9FCBE0D25F2761D0085EBC9 /* MainViewController.swift in Sources */,
			);
			runOnlyForDeploymentPostprocessing = 0;
		};
/* End PBXSourcesBuildPhase section */

/* Begin XCBuildConfiguration section */
		EDE7951C1D45B7A1002930CA /* Debug */ = {
			isa = XCBuildConfiguration;
			buildSettings = {
				ALWAYS_SEARCH_USER_PATHS = NO;
				CLANG_ANALYZER_LOCALIZABILITY_NONLOCALIZED = YES;
				CLANG_ANALYZER_NONNULL = YES;
				CLANG_CXX_LANGUAGE_STANDARD = "gnu++0x";
				CLANG_CXX_LIBRARY = "libc++";
				CLANG_ENABLE_MODULES = YES;
				CLANG_ENABLE_OBJC_ARC = YES;
				CLANG_WARN_BLOCK_CAPTURE_AUTORELEASING = YES;
				CLANG_WARN_BOOL_CONVERSION = YES;
				CLANG_WARN_COMMA = YES;
				CLANG_WARN_CONSTANT_CONVERSION = YES;
				CLANG_WARN_DEPRECATED_OBJC_IMPLEMENTATIONS = YES;
				CLANG_WARN_DIRECT_OBJC_ISA_USAGE = YES_ERROR;
				CLANG_WARN_EMPTY_BODY = YES;
				CLANG_WARN_ENUM_CONVERSION = YES;
				CLANG_WARN_INFINITE_RECURSION = YES;
				CLANG_WARN_INT_CONVERSION = YES;
				CLANG_WARN_NON_LITERAL_NULL_CONVERSION = YES;
				CLANG_WARN_OBJC_IMPLICIT_RETAIN_SELF = YES;
				CLANG_WARN_OBJC_LITERAL_CONVERSION = YES;
				CLANG_WARN_OBJC_ROOT_CLASS = YES_ERROR;
				CLANG_WARN_QUOTED_INCLUDE_IN_FRAMEWORK_HEADER = YES;
				CLANG_WARN_RANGE_LOOP_ANALYSIS = YES;
				CLANG_WARN_STRICT_PROTOTYPES = YES;
				CLANG_WARN_SUSPICIOUS_MOVE = YES;
				CLANG_WARN_UNREACHABLE_CODE = YES;
				CLANG_WARN__DUPLICATE_METHOD_MATCH = YES;
				"CODE_SIGN_IDENTITY[sdk=iphoneos*]" = "iPhone Developer";
				COPY_PHASE_STRIP = NO;
				DEBUG_INFORMATION_FORMAT = dwarf;
				ENABLE_STRICT_OBJC_MSGSEND = YES;
				ENABLE_TESTABILITY = YES;
				GCC_C_LANGUAGE_STANDARD = gnu99;
				GCC_DYNAMIC_NO_PIC = NO;
				GCC_NO_COMMON_BLOCKS = YES;
				GCC_OPTIMIZATION_LEVEL = 0;
				GCC_PREPROCESSOR_DEFINITIONS = (
					"DEBUG=1",
					"$(inherited)",
				);
				GCC_WARN_64_TO_32_BIT_CONVERSION = YES;
				GCC_WARN_ABOUT_RETURN_TYPE = YES_ERROR;
				GCC_WARN_UNDECLARED_SELECTOR = YES;
				GCC_WARN_UNINITIALIZED_AUTOS = YES_AGGRESSIVE;
				GCC_WARN_UNUSED_FUNCTION = YES;
				GCC_WARN_UNUSED_VARIABLE = YES;
				IPHONEOS_DEPLOYMENT_TARGET = 11.0;
				MTL_ENABLE_DEBUG_INFO = YES;
				ONLY_ACTIVE_ARCH = YES;
				SDKROOT = iphoneos;
				SWIFT_OPTIMIZATION_LEVEL = "-Onone";
			};
			name = Debug;
		};
		EDE7951D1D45B7A1002930CA /* Release */ = {
			isa = XCBuildConfiguration;
			buildSettings = {
				ALWAYS_SEARCH_USER_PATHS = NO;
				CLANG_ANALYZER_LOCALIZABILITY_NONLOCALIZED = YES;
				CLANG_ANALYZER_NONNULL = YES;
				CLANG_CXX_LANGUAGE_STANDARD = "gnu++0x";
				CLANG_CXX_LIBRARY = "libc++";
				CLANG_ENABLE_MODULES = YES;
				CLANG_ENABLE_OBJC_ARC = YES;
				CLANG_WARN_BLOCK_CAPTURE_AUTORELEASING = YES;
				CLANG_WARN_BOOL_CONVERSION = YES;
				CLANG_WARN_COMMA = YES;
				CLANG_WARN_CONSTANT_CONVERSION = YES;
				CLANG_WARN_DEPRECATED_OBJC_IMPLEMENTATIONS = YES;
				CLANG_WARN_DIRECT_OBJC_ISA_USAGE = YES_ERROR;
				CLANG_WARN_EMPTY_BODY = YES;
				CLANG_WARN_ENUM_CONVERSION = YES;
				CLANG_WARN_INFINITE_RECURSION = YES;
				CLANG_WARN_INT_CONVERSION = YES;
				CLANG_WARN_NON_LITERAL_NULL_CONVERSION = YES;
				CLANG_WARN_OBJC_IMPLICIT_RETAIN_SELF = YES;
				CLANG_WARN_OBJC_LITERAL_CONVERSION = YES;
				CLANG_WARN_OBJC_ROOT_CLASS = YES_ERROR;
				CLANG_WARN_QUOTED_INCLUDE_IN_FRAMEWORK_HEADER = YES;
				CLANG_WARN_RANGE_LOOP_ANALYSIS = YES;
				CLANG_WARN_STRICT_PROTOTYPES = YES;
				CLANG_WARN_SUSPICIOUS_MOVE = YES;
				CLANG_WARN_UNREACHABLE_CODE = YES;
				CLANG_WARN__DUPLICATE_METHOD_MATCH = YES;
				"CODE_SIGN_IDENTITY[sdk=iphoneos*]" = "iPhone Developer";
				COPY_PHASE_STRIP = NO;
				DEBUG_INFORMATION_FORMAT = "dwarf-with-dsym";
				ENABLE_NS_ASSERTIONS = NO;
				ENABLE_STRICT_OBJC_MSGSEND = YES;
				GCC_C_LANGUAGE_STANDARD = gnu99;
				GCC_NO_COMMON_BLOCKS = YES;
				GCC_WARN_64_TO_32_BIT_CONVERSION = YES;
				GCC_WARN_ABOUT_RETURN_TYPE = YES_ERROR;
				GCC_WARN_UNDECLARED_SELECTOR = YES;
				GCC_WARN_UNINITIALIZED_AUTOS = YES_AGGRESSIVE;
				GCC_WARN_UNUSED_FUNCTION = YES;
				GCC_WARN_UNUSED_VARIABLE = YES;
				IPHONEOS_DEPLOYMENT_TARGET = 11.0;
				MTL_ENABLE_DEBUG_INFO = NO;
				SDKROOT = iphoneos;
				SWIFT_OPTIMIZATION_LEVEL = "-Owholemodule";
				VALIDATE_PRODUCT = YES;
			};
			name = Release;
		};
		EDE7951F1D45B7A1002930CA /* Debug */ = {
			isa = XCBuildConfiguration;
			buildSettings = {
				ASSETCATALOG_COMPILER_APPICON_NAME = AppIcon;
				DEVELOPMENT_TEAM = "";
				INFOPLIST_FILE = LGSideMenuControllerDemo/Info.plist;
				IPHONEOS_DEPLOYMENT_TARGET = 11.0;
				LD_RUNPATH_SEARCH_PATHS = "$(inherited) @executable_path/Frameworks";
				PRODUCT_BUNDLE_IDENTIFIER = com.test.LGSideMenuControllerDemo;
				PRODUCT_NAME = "$(TARGET_NAME)";
				SWIFT_SWIFT3_OBJC_INFERENCE = Default;
				SWIFT_VERSION = 5.0;
				TARGETED_DEVICE_FAMILY = "1,2";
			};
			name = Debug;
		};
		EDE795201D45B7A1002930CA /* Release */ = {
			isa = XCBuildConfiguration;
			buildSettings = {
				ASSETCATALOG_COMPILER_APPICON_NAME = AppIcon;
				DEVELOPMENT_TEAM = "";
				INFOPLIST_FILE = LGSideMenuControllerDemo/Info.plist;
				IPHONEOS_DEPLOYMENT_TARGET = 11.0;
				LD_RUNPATH_SEARCH_PATHS = "$(inherited) @executable_path/Frameworks";
				PRODUCT_BUNDLE_IDENTIFIER = com.test.LGSideMenuControllerDemo;
				PRODUCT_NAME = "$(TARGET_NAME)";
				SWIFT_SWIFT3_OBJC_INFERENCE = Default;
				SWIFT_VERSION = 5.0;
				TARGETED_DEVICE_FAMILY = "1,2";
			};
			name = Release;
		};
/* End XCBuildConfiguration section */

/* Begin XCConfigurationList section */
		EDE795071D45B7A1002930CA /* Build configuration list for PBXProject "LGSideMenuControllerDemo" */ = {
			isa = XCConfigurationList;
			buildConfigurations = (
				EDE7951C1D45B7A1002930CA /* Debug */,
				EDE7951D1D45B7A1002930CA /* Release */,
			);
			defaultConfigurationIsVisible = 0;
			defaultConfigurationName = Release;
		};
		EDE7951E1D45B7A1002930CA /* Build configuration list for PBXNativeTarget "LGSideMenuControllerDemo" */ = {
			isa = XCConfigurationList;
			buildConfigurations = (
				EDE7951F1D45B7A1002930CA /* Debug */,
				EDE795201D45B7A1002930CA /* Release */,
			);
			defaultConfigurationIsVisible = 0;
			defaultConfigurationName = Release;
		};
/* End XCConfigurationList section */
	};
	rootObject = EDE795041D45B7A1002930CA /* Project object */;
}
